
Microsoft Visual Studio Solution File, Format Version 12.00
# Visual Studio Version 16
VisualStudioVersion = 16.0.33529.622
MinimumVisualStudioVersion = 10.0.40219.1
Project("{FAE04EC0-301F-11D3-BF4B-00C04F79EFBC}") = "SiriusQuality-Model", "SiriusModel\SiriusQuality-Model.csproj", "{3E22DE22-EEEE-48FE-BCC3-070617A2318B}"
	ProjectSection(ProjectDependencies) = postProject
		{1FA40806-FEA9-43A3-83E5-A66D9F0206CF} = {1FA40806-FEA9-43A3-83E5-A66D9F0206CF}
		{7BD71619-1C68-414D-9C44-2DDF03AD4601} = {7BD71619-1C68-414D-9C44-2DDF03AD4601}
		{8325561B-EDD7-404B-BEF7-8B3D1E4DB850} = {8325561B-EDD7-404B-BEF7-8B3D1E4DB850}
		{A1EB8F2B-41D4-409F-B46F-CAD0454BA7F4} = {A1EB8F2B-41D4-409F-B46F-CAD0454BA7F4}
		{41A5C831-AEF2-4DC0-A7BB-395FDA2C05AC} = {41A5C831-AEF2-4DC0-A7BB-395FDA2C05AC}
		{8FA26236-5626-460F-AA5A-41992553A2CE} = {8FA26236-5626-460F-AA5A-41992553A2CE}
		{C508133A-836B-4DE0-8F58-6497D15170CA} = {C508133A-836B-4DE0-8F58-6497D15170CA}
		{22AB6E3D-77A2-412A-94FA-400D157E2853} = {22AB6E3D-77A2-412A-94FA-400D157E2853}
		{01AE885A-66BB-4285-AE4A-262D6D53A130} = {01AE885A-66BB-4285-AE4A-262D6D53A130}
		{3DBE885D-E21F-43DD-88F3-65E479EBD882} = {3DBE885D-E21F-43DD-88F3-65E479EBD882}
		{F97EFF5F-5903-4B0B-A22D-C2CD70B21F69} = {F97EFF5F-5903-4B0B-A22D-C2CD70B21F69}
		{59336D65-9DE8-4156-B7E0-E1713A5F3F39} = {59336D65-9DE8-4156-B7E0-E1713A5F3F39}
		{EEA0AA6C-3126-4C17-A639-DFFB08FC73AA} = {EEA0AA6C-3126-4C17-A639-DFFB08FC73AA}
		{52B7028B-6F06-4370-A5FE-2B9A381E6D76} = {52B7028B-6F06-4370-A5FE-2B9A381E6D76}
		{F40616A0-F80A-4FED-8C24-82C55906DAAC} = {F40616A0-F80A-4FED-8C24-82C55906DAAC}
		{5C4896A4-44F7-48DC-BCE3-9FA73D0D86E2} = {5C4896A4-44F7-48DC-BCE3-9FA73D0D86E2}
		{A9DE15AA-A81C-4517-95FF-32F2CD623A70} = {A9DE15AA-A81C-4517-95FF-32F2CD623A70}
		{523E7BBF-AF23-46BA-8440-979B6078891F} = {523E7BBF-AF23-46BA-8440-979B6078891F}
		{3D7768D4-D4DE-45DD-998B-C39E345D0EC9} = {3D7768D4-D4DE-45DD-998B-C39E345D0EC9}
	EndProjectSection
EndProject
Project("{FAE04EC0-301F-11D3-BF4B-00C04F79EFBC}") = "SiriusQuality-Console", "SiriusConsole\SiriusQuality-Console.csproj", "{D63FBC47-9CB2-400C-8163-E22E752D3D71}"
	ProjectSection(ProjectDependencies) = postProject
		{1632D550-A083-4A10-AA55-DF87A11302E9} = {1632D550-A083-4A10-AA55-DF87A11302E9}
	EndProjectSection
EndProject
Project("{FAE04EC0-301F-11D3-BF4B-00C04F79EFBC}") = "SiriusQuality-View", "SiriusView\SiriusQuality-View.csproj", "{6E748ACE-D7B8-48E3-9AD1-11748EE1182F}"
EndProject
Project("{FAE04EC0-301F-11D3-BF4B-00C04F79EFBC}") = "SiriusOptimization", "SiriusOptimization\SiriusOptimization.csproj", "{FA6D4C65-DC68-484B-95A9-465E8CF187A5}"
	ProjectSection(ProjectDependencies) = postProject
		{6E748ACE-D7B8-48E3-9AD1-11748EE1182F} = {6E748ACE-D7B8-48E3-9AD1-11748EE1182F}
	EndProjectSection
EndProject
Project("{FAE04EC0-301F-11D3-BF4B-00C04F79EFBC}") = "Sirius.Model.Import", "Import\Sirius.Model.Import\Sirius.Model.Import.csproj", "{3D7768D4-D4DE-45DD-998B-C39E345D0EC9}"
EndProject
Project("{FAE04EC0-301F-11D3-BF4B-00C04F79EFBC}") = "SiriusQuality-PhenologyComponent", "SiriusQuality-PhenologyComponent\SiriusQuality-PhenologyComponent.csproj", "{A1EB8F2B-41D4-409F-B46F-CAD0454BA7F4}"
EndProject
Project("{FAE04EC0-301F-11D3-BF4B-00C04F79EFBC}") = "SiriusQuality-EnergyBalanceComponent", "SiriusQuality-EnergyBalanceComponent\SiriusQuality-EnergyBalanceComponent.csproj", "{D288BD05-DA70-4FB4-B01E-D2A2454F64CF}"
EndProject
Project("{FAE04EC0-301F-11D3-BF4B-00C04F79EFBC}") = "SiriusQuality-MeteoComponent", "SiriusQuality-MeteoComponent\SiriusQuality-MeteoComponent.csproj", "{94BD4E78-3E98-478B-815A-3E1CFC95E5FB}"
EndProject
Project("{FAE04EC0-301F-11D3-BF4B-00C04F79EFBC}") = "SiriusQuality-ThermalTime", "SiriusQuality-ThermalTime\SiriusQuality-ThermalTime.csproj", "{27D29484-EC1D-47D5-A2F3-2F5D719E4FCD}"
	ProjectSection(ProjectDependencies) = postProject
		{5C4896A4-44F7-48DC-BCE3-9FA73D0D86E2} = {5C4896A4-44F7-48DC-BCE3-9FA73D0D86E2}
	EndProjectSection
EndProject
Project("{FAE04EC0-301F-11D3-BF4B-00C04F79EFBC}") = "ResponseFunctions", "ResponseFunctions\ResponseFunctions\ResponseFunctions.csproj", "{5C4896A4-44F7-48DC-BCE3-9FA73D0D86E2}"
EndProject
Project("{FAE04EC0-301F-11D3-BF4B-00C04F79EFBC}") = "SiriusQuality-SoilNitrogenDomainClass", "SiriusQuality-SoilNitrogenDomainClass\SiriusQuality-SoilNitrogenDomainClass.csproj", "{F40616A0-F80A-4FED-8C24-82C55906DAAC}"
EndProject
Project("{FAE04EC0-301F-11D3-BF4B-00C04F79EFBC}") = "SiriusQuality-SoilWaterStrategies", "SiriusQuality-SoilWaterStrategies\SiriusQuality-SoilWaterStrategies.csproj", "{22AB6E3D-77A2-412A-94FA-400D157E2853}"
	ProjectSection(ProjectDependencies) = postProject
		{523E7BBF-AF23-46BA-8440-979B6078891F} = {523E7BBF-AF23-46BA-8440-979B6078891F}
	EndProjectSection
EndProject
Project("{FAE04EC0-301F-11D3-BF4B-00C04F79EFBC}") = "SiriusQuality-SoilNitrogenStrategies", "SiriusQuality-SoilNitrogenStrategies\SiriusQuality-SoilNitrogenStrategies.csproj", "{A9DE15AA-A81C-4517-95FF-32F2CD623A70}"
	ProjectSection(ProjectDependencies) = postProject
		{F40616A0-F80A-4FED-8C24-82C55906DAAC} = {F40616A0-F80A-4FED-8C24-82C55906DAAC}
	EndProjectSection
EndProject
Project("{FAE04EC0-301F-11D3-BF4B-00C04F79EFBC}") = "SiriusQuality-SoilTemperatureDomainClass", "SiriusQuality-SoilTemperatureDomainClass\SiriusQuality-SoilTemperatureDomainClass.csproj", "{EEA0AA6C-3126-4C17-A639-DFFB08FC73AA}"
EndProject
Project("{FAE04EC0-301F-11D3-BF4B-00C04F79EFBC}") = "SiriusQuality-SoilTemperatureStrategies", "SiriusQuality-SoilTemperatureStrategies\SiriusQuality-SoilTemperatureStrategies.csproj", "{8325561B-EDD7-404B-BEF7-8B3D1E4DB850}"
	ProjectSection(ProjectDependencies) = postProject
		{EEA0AA6C-3126-4C17-A639-DFFB08FC73AA} = {EEA0AA6C-3126-4C17-A639-DFFB08FC73AA}
	EndProjectSection
EndProject
Project("{FAE04EC0-301F-11D3-BF4B-00C04F79EFBC}") = "SiriusQuality-SoilWaterDomainClass", "SiriusQuality-SoilWaterDomainClass\SiriusQuality-SoilWaterDomainClass.csproj", "{523E7BBF-AF23-46BA-8440-979B6078891F}"
EndProject
Project("{FAE04EC0-301F-11D3-BF4B-00C04F79EFBC}") = "TestSoilNitrogen", "TestSoilNitrogen\TestSoilNitrogen.csproj", "{B768A951-BDB6-4FB6-A74B-8C15C866B7A6}"
EndProject
Project("{FAE04EC0-301F-11D3-BF4B-00C04F79EFBC}") = "TestSoilWater", "TestSoilWater\TestSoilWater.csproj", "{FEF60A22-CD5C-4006-90C7-904C10C9E296}"
EndProject
Project("{FAE04EC0-301F-11D3-BF4B-00C04F79EFBC}") = "TestSoilTemperature", "TestSoilTemperature\TestSoilTemperature.csproj", "{40A7F7F5-8271-4E00-B1A6-61B614E9B7D6}"
EndProject
Project("{FAE04EC0-301F-11D3-BF4B-00C04F79EFBC}") = "SiriusQuality-MaizeLAI", "SiriusQuality-MaizeLAI\SiriusQuality-MaizeLAI.csproj", "{41A5C831-AEF2-4DC0-A7BB-395FDA2C05AC}"
	ProjectSection(ProjectDependencies) = postProject
		{5C4896A4-44F7-48DC-BCE3-9FA73D0D86E2} = {5C4896A4-44F7-48DC-BCE3-9FA73D0D86E2}
	EndProjectSection
EndProject
Project("{FAE04EC0-301F-11D3-BF4B-00C04F79EFBC}") = "SiriusQuality-WheatLAI", "SiriusQuality-WheatLAI\SiriusQuality-WheatLAI.csproj", "{59336D65-9DE8-4156-B7E0-E1713A5F3F39}"
EndProject
Project("{FAE04EC0-301F-11D3-BF4B-00C04F79EFBC}") = "Import_Export_SQ_ICASA", "Import_Export_SQ_ICASA\Import_Export_SQ_ICASA\Import_Export_SQ_ICASA.csproj", "{1632D550-A083-4A10-AA55-DF87A11302E9}"
EndProject
Project("{FAE04EC0-301F-11D3-BF4B-00C04F79EFBC}") = "SiriusQuality-GrainNumberDomainClass", "SiriusQuality-GrainNumberDomainClass\SiriusQuality-GrainNumberDomainClass.csproj", "{DB2436FB-A055-4F5E-90B4-6C88C2533102}"
EndProject
Project("{FAE04EC0-301F-11D3-BF4B-00C04F79EFBC}") = "SiriusQuality-GrainNumberStrategies", "SiriusQuality-GrainNumberStrategies\SiriusQuality-GrainNumberStrategies.csproj", "{3DBE885D-E21F-43DD-88F3-65E479EBD882}"
	ProjectSection(ProjectDependencies) = postProject
		{DB2436FB-A055-4F5E-90B4-6C88C2533102} = {DB2436FB-A055-4F5E-90B4-6C88C2533102}
	EndProjectSection
EndProject
Project("{FAE04EC0-301F-11D3-BF4B-00C04F79EFBC}") = "SiriusQuality-RootDomainClass", "SiriusQuality-RootDomainClass\SiriusQuality-RootDomainClass.csproj", "{F43056E0-76DD-4735-A719-B9DC76279E2F}"
EndProject
Project("{FAE04EC0-301F-11D3-BF4B-00C04F79EFBC}") = "SiriusQuality-RootStrategies", "SiriusQuality-RootStrategies\SiriusQuality-RootStrategies.csproj", "{7BD71619-1C68-414D-9C44-2DDF03AD4601}"
	ProjectSection(ProjectDependencies) = postProject
		{F43056E0-76DD-4735-A719-B9DC76279E2F} = {F43056E0-76DD-4735-A719-B9DC76279E2F}
	EndProjectSection
EndProject
Project("{FAE04EC0-301F-11D3-BF4B-00C04F79EFBC}") = "UnitTestMaizeLAI", "UnitTestMaizeLAI\UnitTestMaizeLAI.csproj", "{F7EF096D-B0F4-466C-B628-10E153D0D97D}"
EndProject
Project("{FAE04EC0-301F-11D3-BF4B-00C04F79EFBC}") = "SiriusQuality-ShootDM-Strategies", "SiriusQuality-DMShoot-Strategies\SiriusQuality-ShootDM-Strategies.csproj", "{C508133A-836B-4DE0-8F58-6497D15170CA}"
	ProjectSection(ProjectDependencies) = postProject
		{4254B9A3-B5F1-485B-9D2A-1E0965F5F38A} = {4254B9A3-B5F1-485B-9D2A-1E0965F5F38A}
	EndProjectSection
EndProject
Project("{FAE04EC0-301F-11D3-BF4B-00C04F79EFBC}") = "SiriusQuality-ShootDM-DomainClass", "SiriusQuality-DMShoot-DomainClass\SiriusQuality-ShootDM-DomainClass.csproj", "{4254B9A3-B5F1-485B-9D2A-1E0965F5F38A}"
EndProject
Project("{FAE04EC0-301F-11D3-BF4B-00C04F79EFBC}") = "SiriusQuality-IrradianceDomainClass", "SiriusQuality-IrradianceDomainClass\SiriusQuality-IrradianceDomainClass.csproj", "{F97EFF5F-5903-4B0B-A22D-C2CD70B21F69}"
EndProject
Project("{FAE04EC0-301F-11D3-BF4B-00C04F79EFBC}") = "SiriusQuality-PhenologyMaize-Component", "SiriusQuality-PhenologyMaize-Component\SiriusQuality-PhenologyMaize-Component.csproj", "{01AE885A-66BB-4285-AE4A-262D6D53A130}"
EndProject
Project("{FAE04EC0-301F-11D3-BF4B-00C04F79EFBC}") = "SiriusQuality-EnergyBalance-Strategies", "SiriusQuality-EnergyBalance-Strategies\SiriusQuality-EnergyBalance-Strategies.csproj", "{1FA40806-FEA9-43A3-83E5-A66D9F0206CF}"
	ProjectSection(ProjectDependencies) = postProject
		{E60A0636-9E30-4B3D-9D69-4F9F4846F5F9} = {E60A0636-9E30-4B3D-9D69-4F9F4846F5F9}
	EndProjectSection
EndProject
Project("{FAE04EC0-301F-11D3-BF4B-00C04F79EFBC}") = "SiriusQuality-EnergyBalance-DomainClass", "SiriusQuality-EnergyBalance-DomainClass\SiriusQuality-EnergyBalance-DomainClass.csproj", "{E60A0636-9E30-4B3D-9D69-4F9F4846F5F9}"
EndProject
Project("{888888A0-9F3D-457C-B088-3A5042F75D52}") = "PythonTranslatorExcelAgMIP", "PythonTranslatorExcelAgMIP\PythonTranslatorExcelAgMIP.pyproj", "{03025EE8-4BD9-4A03-8225-64EEA8A610FD}"
EndProject
Project("{FAE04EC0-301F-11D3-BF4B-00C04F79EFBC}") = "MTGGramene", "MTGGramene\MTGGramene.csproj", "{8FA26236-5626-460F-AA5A-41992553A2CE}"
EndProject
Project("{FAE04EC0-301F-11D3-BF4B-00C04F79EFBC}") = "SiriusQuality-Min3p", "SiriusQuality-Min3p\SiriusQuality-Min3p.csproj", "{95D32986-5449-42CF-BA8B-DCD26635994B}"
EndProject
Project("{6989167D-11E4-40FE-8C1A-2192A86A7E90}") = "MIN3P_THCm", "MIN3P\project\visualstudio\MIN3P_THCm.vfproj", "{AC1D4039-3857-49B0-B662-B3CD96AC31BB}"
EndProject
Project("{FAE04EC0-301F-11D3-BF4B-00C04F79EFBC}") = "APSIM-Campbell_SoilTemperature", "APSIM-Campbell_SoilTemperature\APSIM-Campbell_SoilTemperature.csproj", "{5EE6AFC1-59F0-4F08-BC94-B7DD617C6E8A}"
EndProject
Project("{FAE04EC0-301F-11D3-BF4B-00C04F79EFBC}") = "BioMA-Parton-SWAT_SoilTemperature", "BioMA-Parton-SWAT_SoilTemperature\BioMA-Parton-SWAT_SoilTemperature.csproj", "{8CC8FF95-7674-470C-A258-63B5E33DD951}"
EndProject
Project("{FAE04EC0-301F-11D3-BF4B-00C04F79EFBC}") = "BioMA-SWAT_SoilTemperature", "BioMA-SWAT_SoilTemperature\BioMA-SWAT_SoilTemperature.csproj", "{62DABB8F-8874-4371-9847-437896E41735}"
EndProject
Project("{FAE04EC0-301F-11D3-BF4B-00C04F79EFBC}") = "DSSAT_SoilTemperature", "DSSAT_SoilTemperature\DSSAT_SoilTemperature.csproj", "{38D2DF66-AFEA-4DDA-BAA8-D2ECD8008B8B}"
EndProject
Project("{FAE04EC0-301F-11D3-BF4B-00C04F79EFBC}") = "DSSAT-EPIC_SoilTemperature", "DSSAT-EPIC_SoilTemperature\DSSAT-EPIC_SoilTemperature.csproj", "{EA3E93AC-FACB-4147-8995-DC94C9C04C0E}"
EndProject
Project("{FAE04EC0-301F-11D3-BF4B-00C04F79EFBC}") = "Monica_SoilTemperature", "Monica_SoilTemperature\Monica_SoilTemperature.csproj", "{76F11138-F6F0-4CC3-860C-567375636997}"
EndProject
Project("{FAE04EC0-301F-11D3-BF4B-00C04F79EFBC}") = "Simplace_SoilTemperature", "Simplace_SoilTemperature\Simplace_SoilTemperature.csproj", "{D7A2BC55-C353-4C9B-8CC1-251EE081F653}"
EndProject
Project("{FAE04EC0-301F-11D3-BF4B-00C04F79EFBC}") = "Stics_SoilTemperature", "Stics_SoilTemperature\Stics_SoilTemperature.csproj", "{5B70E417-20F9-4E62-8D01-8A2B515D8EE6}"
EndProject
Project("{FAE04EC0-301F-11D3-BF4B-00C04F79EFBC}") = "SiriusQuality-IrradianceStrategies", "SiriusQuality-IrradianceStrategies\SiriusQuality-IrradianceStrategies.csproj", "{52B7028B-6F06-4370-A5FE-2B9A381E6D76}"
EndProject
Global
	GlobalSection(SolutionConfigurationPlatforms) = preSolution
		Debug|Any CPU = Debug|Any CPU
		Debug|x64 = Debug|x64
		Debug|x86 = Debug|x86
		Release public|Any CPU = Release public|Any CPU
		Release public|x64 = Release public|x64
		Release public|x86 = Release public|x86
		Release|Any CPU = Release|Any CPU
		Release|x64 = Release|x64
		Release|x86 = Release|x86
	EndGlobalSection
	GlobalSection(ProjectConfigurationPlatforms) = postSolution
		{3E22DE22-EEEE-48FE-BCC3-070617A2318B}.Debug|Any CPU.ActiveCfg = Debug|Any CPU
		{3E22DE22-EEEE-48FE-BCC3-070617A2318B}.Debug|Any CPU.Build.0 = Debug|Any CPU
		{3E22DE22-EEEE-48FE-BCC3-070617A2318B}.Debug|x64.ActiveCfg = Debug|x64
		{3E22DE22-EEEE-48FE-BCC3-070617A2318B}.Debug|x64.Build.0 = Debug|x64
		{3E22DE22-EEEE-48FE-BCC3-070617A2318B}.Debug|x86.ActiveCfg = Debug|x86
		{3E22DE22-EEEE-48FE-BCC3-070617A2318B}.Debug|x86.Build.0 = Debug|x86
		{3E22DE22-EEEE-48FE-BCC3-070617A2318B}.Release public|Any CPU.ActiveCfg = Release public|Any CPU
		{3E22DE22-EEEE-48FE-BCC3-070617A2318B}.Release public|Any CPU.Build.0 = Release public|Any CPU
		{3E22DE22-EEEE-48FE-BCC3-070617A2318B}.Release public|x64.ActiveCfg = Release public|x64
		{3E22DE22-EEEE-48FE-BCC3-070617A2318B}.Release public|x64.Build.0 = Release public|x64
		{3E22DE22-EEEE-48FE-BCC3-070617A2318B}.Release public|x86.ActiveCfg = Release public|x86
		{3E22DE22-EEEE-48FE-BCC3-070617A2318B}.Release public|x86.Build.0 = Release public|x86
		{3E22DE22-EEEE-48FE-BCC3-070617A2318B}.Release|Any CPU.ActiveCfg = Release|Any CPU
		{3E22DE22-EEEE-48FE-BCC3-070617A2318B}.Release|Any CPU.Build.0 = Release|Any CPU
		{3E22DE22-EEEE-48FE-BCC3-070617A2318B}.Release|x64.ActiveCfg = Release|x64
		{3E22DE22-EEEE-48FE-BCC3-070617A2318B}.Release|x64.Build.0 = Release|x64
		{3E22DE22-EEEE-48FE-BCC3-070617A2318B}.Release|x86.ActiveCfg = Release|x86
		{3E22DE22-EEEE-48FE-BCC3-070617A2318B}.Release|x86.Build.0 = Release|x86
		{D63FBC47-9CB2-400C-8163-E22E752D3D71}.Debug|Any CPU.ActiveCfg = Debug|Any CPU
		{D63FBC47-9CB2-400C-8163-E22E752D3D71}.Debug|Any CPU.Build.0 = Debug|Any CPU
		{D63FBC47-9CB2-400C-8163-E22E752D3D71}.Debug|x64.ActiveCfg = Debug|x64
		{D63FBC47-9CB2-400C-8163-E22E752D3D71}.Debug|x64.Build.0 = Debug|x64
		{D63FBC47-9CB2-400C-8163-E22E752D3D71}.Debug|x86.ActiveCfg = Debug|x86
		{D63FBC47-9CB2-400C-8163-E22E752D3D71}.Debug|x86.Build.0 = Debug|x86
		{D63FBC47-9CB2-400C-8163-E22E752D3D71}.Release public|Any CPU.ActiveCfg = Release public|Any CPU
		{D63FBC47-9CB2-400C-8163-E22E752D3D71}.Release public|Any CPU.Build.0 = Release public|Any CPU
		{D63FBC47-9CB2-400C-8163-E22E752D3D71}.Release public|x64.ActiveCfg = Release public|x64
		{D63FBC47-9CB2-400C-8163-E22E752D3D71}.Release public|x64.Build.0 = Release public|x64
		{D63FBC47-9CB2-400C-8163-E22E752D3D71}.Release public|x86.ActiveCfg = Release public|x86
		{D63FBC47-9CB2-400C-8163-E22E752D3D71}.Release public|x86.Build.0 = Release public|x86
		{D63FBC47-9CB2-400C-8163-E22E752D3D71}.Release|Any CPU.ActiveCfg = Release|Any CPU
		{D63FBC47-9CB2-400C-8163-E22E752D3D71}.Release|Any CPU.Build.0 = Release|Any CPU
		{D63FBC47-9CB2-400C-8163-E22E752D3D71}.Release|x64.ActiveCfg = Release|x64
		{D63FBC47-9CB2-400C-8163-E22E752D3D71}.Release|x64.Build.0 = Release|x64
		{D63FBC47-9CB2-400C-8163-E22E752D3D71}.Release|x86.ActiveCfg = Release|x86
		{D63FBC47-9CB2-400C-8163-E22E752D3D71}.Release|x86.Build.0 = Release|x86
		{6E748ACE-D7B8-48E3-9AD1-11748EE1182F}.Debug|Any CPU.ActiveCfg = Debug|Any CPU
		{6E748ACE-D7B8-48E3-9AD1-11748EE1182F}.Debug|Any CPU.Build.0 = Debug|Any CPU
		{6E748ACE-D7B8-48E3-9AD1-11748EE1182F}.Debug|x64.ActiveCfg = Debug|x64
		{6E748ACE-D7B8-48E3-9AD1-11748EE1182F}.Debug|x64.Build.0 = Debug|x64
		{6E748ACE-D7B8-48E3-9AD1-11748EE1182F}.Debug|x86.ActiveCfg = Debug|x86
		{6E748ACE-D7B8-48E3-9AD1-11748EE1182F}.Debug|x86.Build.0 = Debug|x86
		{6E748ACE-D7B8-48E3-9AD1-11748EE1182F}.Release public|Any CPU.ActiveCfg = Release public|Any CPU
		{6E748ACE-D7B8-48E3-9AD1-11748EE1182F}.Release public|Any CPU.Build.0 = Release public|Any CPU
		{6E748ACE-D7B8-48E3-9AD1-11748EE1182F}.Release public|x64.ActiveCfg = Release public|x64
		{6E748ACE-D7B8-48E3-9AD1-11748EE1182F}.Release public|x64.Build.0 = Release public|x64
		{6E748ACE-D7B8-48E3-9AD1-11748EE1182F}.Release public|x86.ActiveCfg = Release public|x86
		{6E748ACE-D7B8-48E3-9AD1-11748EE1182F}.Release public|x86.Build.0 = Release public|x86
		{6E748ACE-D7B8-48E3-9AD1-11748EE1182F}.Release|Any CPU.ActiveCfg = Release|Any CPU
		{6E748ACE-D7B8-48E3-9AD1-11748EE1182F}.Release|Any CPU.Build.0 = Release|Any CPU
		{6E748ACE-D7B8-48E3-9AD1-11748EE1182F}.Release|x64.ActiveCfg = Release|x64
		{6E748ACE-D7B8-48E3-9AD1-11748EE1182F}.Release|x64.Build.0 = Release|x64
		{6E748ACE-D7B8-48E3-9AD1-11748EE1182F}.Release|x86.ActiveCfg = Release|x86
		{6E748ACE-D7B8-48E3-9AD1-11748EE1182F}.Release|x86.Build.0 = Release|x86
		{FA6D4C65-DC68-484B-95A9-465E8CF187A5}.Debug|Any CPU.ActiveCfg = Debug|Any CPU
		{FA6D4C65-DC68-484B-95A9-465E8CF187A5}.Debug|Any CPU.Build.0 = Debug|Any CPU
		{FA6D4C65-DC68-484B-95A9-465E8CF187A5}.Debug|x64.ActiveCfg = Debug|x64
		{FA6D4C65-DC68-484B-95A9-465E8CF187A5}.Debug|x64.Build.0 = Debug|x64
		{FA6D4C65-DC68-484B-95A9-465E8CF187A5}.Debug|x86.ActiveCfg = Debug|Any CPU
		{FA6D4C65-DC68-484B-95A9-465E8CF187A5}.Release public|Any CPU.ActiveCfg = Release|Any CPU
		{FA6D4C65-DC68-484B-95A9-465E8CF187A5}.Release public|Any CPU.Build.0 = Release|Any CPU
		{FA6D4C65-DC68-484B-95A9-465E8CF187A5}.Release public|x64.ActiveCfg = Release|x64
		{FA6D4C65-DC68-484B-95A9-465E8CF187A5}.Release public|x64.Build.0 = Release|x64
		{FA6D4C65-DC68-484B-95A9-465E8CF187A5}.Release public|x86.ActiveCfg = Release|Any CPU
		{FA6D4C65-DC68-484B-95A9-465E8CF187A5}.Release|Any CPU.ActiveCfg = Release|Any CPU
		{FA6D4C65-DC68-484B-95A9-465E8CF187A5}.Release|Any CPU.Build.0 = Release|Any CPU
		{FA6D4C65-DC68-484B-95A9-465E8CF187A5}.Release|x64.ActiveCfg = Release|x64
		{FA6D4C65-DC68-484B-95A9-465E8CF187A5}.Release|x64.Build.0 = Release|x64
		{FA6D4C65-DC68-484B-95A9-465E8CF187A5}.Release|x86.ActiveCfg = Release|Any CPU
		{3D7768D4-D4DE-45DD-998B-C39E345D0EC9}.Debug|Any CPU.ActiveCfg = Debug|Any CPU
		{3D7768D4-D4DE-45DD-998B-C39E345D0EC9}.Debug|Any CPU.Build.0 = Debug|Any CPU
		{3D7768D4-D4DE-45DD-998B-C39E345D0EC9}.Debug|x64.ActiveCfg = Debug|Any CPU
		{3D7768D4-D4DE-45DD-998B-C39E345D0EC9}.Debug|x64.Build.0 = Debug|Any CPU
		{3D7768D4-D4DE-45DD-998B-C39E345D0EC9}.Debug|x86.ActiveCfg = Debug|Any CPU
		{3D7768D4-D4DE-45DD-998B-C39E345D0EC9}.Release public|Any CPU.ActiveCfg = Release|Any CPU
		{3D7768D4-D4DE-45DD-998B-C39E345D0EC9}.Release public|Any CPU.Build.0 = Release|Any CPU
		{3D7768D4-D4DE-45DD-998B-C39E345D0EC9}.Release public|x64.ActiveCfg = Release|Any CPU
		{3D7768D4-D4DE-45DD-998B-C39E345D0EC9}.Release public|x86.ActiveCfg = Release|Any CPU
		{3D7768D4-D4DE-45DD-998B-C39E345D0EC9}.Release|Any CPU.ActiveCfg = Release|Any CPU
		{3D7768D4-D4DE-45DD-998B-C39E345D0EC9}.Release|Any CPU.Build.0 = Release|Any CPU
		{3D7768D4-D4DE-45DD-998B-C39E345D0EC9}.Release|x64.ActiveCfg = Release|Any CPU
		{3D7768D4-D4DE-45DD-998B-C39E345D0EC9}.Release|x64.Build.0 = Release|Any CPU
		{3D7768D4-D4DE-45DD-998B-C39E345D0EC9}.Release|x86.ActiveCfg = Release|Any CPU
		{A1EB8F2B-41D4-409F-B46F-CAD0454BA7F4}.Debug|Any CPU.ActiveCfg = Debug|Any CPU
		{A1EB8F2B-41D4-409F-B46F-CAD0454BA7F4}.Debug|Any CPU.Build.0 = Debug|Any CPU
		{A1EB8F2B-41D4-409F-B46F-CAD0454BA7F4}.Debug|x64.ActiveCfg = Debug|Any CPU
		{A1EB8F2B-41D4-409F-B46F-CAD0454BA7F4}.Debug|x64.Build.0 = Debug|Any CPU
		{A1EB8F2B-41D4-409F-B46F-CAD0454BA7F4}.Debug|x86.ActiveCfg = Debug|Any CPU
		{A1EB8F2B-41D4-409F-B46F-CAD0454BA7F4}.Release public|Any CPU.ActiveCfg = Release|Any CPU
		{A1EB8F2B-41D4-409F-B46F-CAD0454BA7F4}.Release public|Any CPU.Build.0 = Release|Any CPU
		{A1EB8F2B-41D4-409F-B46F-CAD0454BA7F4}.Release public|x64.ActiveCfg = Release|Any CPU
		{A1EB8F2B-41D4-409F-B46F-CAD0454BA7F4}.Release public|x86.ActiveCfg = Release|Any CPU
		{A1EB8F2B-41D4-409F-B46F-CAD0454BA7F4}.Release|Any CPU.ActiveCfg = Release|Any CPU
		{A1EB8F2B-41D4-409F-B46F-CAD0454BA7F4}.Release|Any CPU.Build.0 = Release|Any CPU
		{A1EB8F2B-41D4-409F-B46F-CAD0454BA7F4}.Release|x64.ActiveCfg = Release|Any CPU
		{A1EB8F2B-41D4-409F-B46F-CAD0454BA7F4}.Release|x64.Build.0 = Release|Any CPU
		{A1EB8F2B-41D4-409F-B46F-CAD0454BA7F4}.Release|x86.ActiveCfg = Release|Any CPU
		{D288BD05-DA70-4FB4-B01E-D2A2454F64CF}.Debug|Any CPU.ActiveCfg = Debug|Any CPU
		{D288BD05-DA70-4FB4-B01E-D2A2454F64CF}.Debug|Any CPU.Build.0 = Debug|Any CPU
		{D288BD05-DA70-4FB4-B01E-D2A2454F64CF}.Debug|x64.ActiveCfg = Debug|Any CPU
		{D288BD05-DA70-4FB4-B01E-D2A2454F64CF}.Debug|x64.Build.0 = Debug|Any CPU
		{D288BD05-DA70-4FB4-B01E-D2A2454F64CF}.Debug|x86.ActiveCfg = Debug|Any CPU
		{D288BD05-DA70-4FB4-B01E-D2A2454F64CF}.Release public|Any CPU.ActiveCfg = Release|Any CPU
		{D288BD05-DA70-4FB4-B01E-D2A2454F64CF}.Release public|Any CPU.Build.0 = Release|Any CPU
		{D288BD05-DA70-4FB4-B01E-D2A2454F64CF}.Release public|x64.ActiveCfg = Release|Any CPU
		{D288BD05-DA70-4FB4-B01E-D2A2454F64CF}.Release public|x86.ActiveCfg = Release|Any CPU
		{D288BD05-DA70-4FB4-B01E-D2A2454F64CF}.Release|Any CPU.ActiveCfg = Release|Any CPU
		{D288BD05-DA70-4FB4-B01E-D2A2454F64CF}.Release|Any CPU.Build.0 = Release|Any CPU
		{D288BD05-DA70-4FB4-B01E-D2A2454F64CF}.Release|x64.ActiveCfg = Release|Any CPU
		{D288BD05-DA70-4FB4-B01E-D2A2454F64CF}.Release|x64.Build.0 = Release|Any CPU
		{D288BD05-DA70-4FB4-B01E-D2A2454F64CF}.Release|x86.ActiveCfg = Release|Any CPU
		{94BD4E78-3E98-478B-815A-3E1CFC95E5FB}.Debug|Any CPU.ActiveCfg = Debug|Any CPU
		{94BD4E78-3E98-478B-815A-3E1CFC95E5FB}.Debug|Any CPU.Build.0 = Debug|Any CPU
		{94BD4E78-3E98-478B-815A-3E1CFC95E5FB}.Debug|x64.ActiveCfg = Debug|Any CPU
		{94BD4E78-3E98-478B-815A-3E1CFC95E5FB}.Debug|x64.Build.0 = Debug|Any CPU
		{94BD4E78-3E98-478B-815A-3E1CFC95E5FB}.Debug|x86.ActiveCfg = Debug|Any CPU
		{94BD4E78-3E98-478B-815A-3E1CFC95E5FB}.Release public|Any CPU.ActiveCfg = Release|Any CPU
		{94BD4E78-3E98-478B-815A-3E1CFC95E5FB}.Release public|Any CPU.Build.0 = Release|Any CPU
		{94BD4E78-3E98-478B-815A-3E1CFC95E5FB}.Release public|x64.ActiveCfg = Release|Any CPU
		{94BD4E78-3E98-478B-815A-3E1CFC95E5FB}.Release public|x86.ActiveCfg = Release|Any CPU
		{94BD4E78-3E98-478B-815A-3E1CFC95E5FB}.Release|Any CPU.ActiveCfg = Release|Any CPU
		{94BD4E78-3E98-478B-815A-3E1CFC95E5FB}.Release|Any CPU.Build.0 = Release|Any CPU
		{94BD4E78-3E98-478B-815A-3E1CFC95E5FB}.Release|x64.ActiveCfg = Release|Any CPU
		{94BD4E78-3E98-478B-815A-3E1CFC95E5FB}.Release|x64.Build.0 = Release|Any CPU
		{94BD4E78-3E98-478B-815A-3E1CFC95E5FB}.Release|x86.ActiveCfg = Release|Any CPU
		{27D29484-EC1D-47D5-A2F3-2F5D719E4FCD}.Debug|Any CPU.ActiveCfg = Debug|Any CPU
		{27D29484-EC1D-47D5-A2F3-2F5D719E4FCD}.Debug|Any CPU.Build.0 = Debug|Any CPU
		{27D29484-EC1D-47D5-A2F3-2F5D719E4FCD}.Debug|x64.ActiveCfg = Debug|Any CPU
		{27D29484-EC1D-47D5-A2F3-2F5D719E4FCD}.Debug|x64.Build.0 = Debug|Any CPU
		{27D29484-EC1D-47D5-A2F3-2F5D719E4FCD}.Debug|x86.ActiveCfg = Debug|Any CPU
		{27D29484-EC1D-47D5-A2F3-2F5D719E4FCD}.Release public|Any CPU.ActiveCfg = Release|Any CPU
		{27D29484-EC1D-47D5-A2F3-2F5D719E4FCD}.Release public|Any CPU.Build.0 = Release|Any CPU
		{27D29484-EC1D-47D5-A2F3-2F5D719E4FCD}.Release public|x64.ActiveCfg = Release|Any CPU
		{27D29484-EC1D-47D5-A2F3-2F5D719E4FCD}.Release public|x86.ActiveCfg = Release|Any CPU
		{27D29484-EC1D-47D5-A2F3-2F5D719E4FCD}.Release|Any CPU.ActiveCfg = Release|Any CPU
		{27D29484-EC1D-47D5-A2F3-2F5D719E4FCD}.Release|Any CPU.Build.0 = Release|Any CPU
		{27D29484-EC1D-47D5-A2F3-2F5D719E4FCD}.Release|x64.ActiveCfg = Release|Any CPU
		{27D29484-EC1D-47D5-A2F3-2F5D719E4FCD}.Release|x64.Build.0 = Release|Any CPU
		{27D29484-EC1D-47D5-A2F3-2F5D719E4FCD}.Release|x86.ActiveCfg = Release|Any CPU
		{5C4896A4-44F7-48DC-BCE3-9FA73D0D86E2}.Debug|Any CPU.ActiveCfg = Debug|Any CPU
		{5C4896A4-44F7-48DC-BCE3-9FA73D0D86E2}.Debug|Any CPU.Build.0 = Debug|Any CPU
		{5C4896A4-44F7-48DC-BCE3-9FA73D0D86E2}.Debug|x64.ActiveCfg = Debug|Any CPU
		{5C4896A4-44F7-48DC-BCE3-9FA73D0D86E2}.Debug|x64.Build.0 = Debug|Any CPU
		{5C4896A4-44F7-48DC-BCE3-9FA73D0D86E2}.Debug|x86.ActiveCfg = Debug|Any CPU
		{5C4896A4-44F7-48DC-BCE3-9FA73D0D86E2}.Release public|Any CPU.ActiveCfg = Release|Any CPU
		{5C4896A4-44F7-48DC-BCE3-9FA73D0D86E2}.Release public|Any CPU.Build.0 = Release|Any CPU
		{5C4896A4-44F7-48DC-BCE3-9FA73D0D86E2}.Release public|x64.ActiveCfg = Release|Any CPU
		{5C4896A4-44F7-48DC-BCE3-9FA73D0D86E2}.Release public|x86.ActiveCfg = Release|Any CPU
		{5C4896A4-44F7-48DC-BCE3-9FA73D0D86E2}.Release|Any CPU.ActiveCfg = Release|Any CPU
		{5C4896A4-44F7-48DC-BCE3-9FA73D0D86E2}.Release|Any CPU.Build.0 = Release|Any CPU
		{5C4896A4-44F7-48DC-BCE3-9FA73D0D86E2}.Release|x64.ActiveCfg = Release|Any CPU
		{5C4896A4-44F7-48DC-BCE3-9FA73D0D86E2}.Release|x64.Build.0 = Release|Any CPU
		{5C4896A4-44F7-48DC-BCE3-9FA73D0D86E2}.Release|x86.ActiveCfg = Release|Any CPU
		{F40616A0-F80A-4FED-8C24-82C55906DAAC}.Debug|Any CPU.ActiveCfg = Debug|Any CPU
		{F40616A0-F80A-4FED-8C24-82C55906DAAC}.Debug|Any CPU.Build.0 = Debug|Any CPU
		{F40616A0-F80A-4FED-8C24-82C55906DAAC}.Debug|x64.ActiveCfg = Debug|Any CPU
		{F40616A0-F80A-4FED-8C24-82C55906DAAC}.Debug|x64.Build.0 = Debug|Any CPU
		{F40616A0-F80A-4FED-8C24-82C55906DAAC}.Debug|x86.ActiveCfg = Debug|Any CPU
		{F40616A0-F80A-4FED-8C24-82C55906DAAC}.Release public|Any CPU.ActiveCfg = Release|Any CPU
		{F40616A0-F80A-4FED-8C24-82C55906DAAC}.Release public|Any CPU.Build.0 = Release|Any CPU
		{F40616A0-F80A-4FED-8C24-82C55906DAAC}.Release public|x64.ActiveCfg = Release|Any CPU
		{F40616A0-F80A-4FED-8C24-82C55906DAAC}.Release public|x86.ActiveCfg = Release|Any CPU
		{F40616A0-F80A-4FED-8C24-82C55906DAAC}.Release|Any CPU.ActiveCfg = Release|Any CPU
		{F40616A0-F80A-4FED-8C24-82C55906DAAC}.Release|Any CPU.Build.0 = Release|Any CPU
		{F40616A0-F80A-4FED-8C24-82C55906DAAC}.Release|x64.ActiveCfg = Release|Any CPU
		{F40616A0-F80A-4FED-8C24-82C55906DAAC}.Release|x64.Build.0 = Release|Any CPU
		{F40616A0-F80A-4FED-8C24-82C55906DAAC}.Release|x86.ActiveCfg = Release|Any CPU
		{22AB6E3D-77A2-412A-94FA-400D157E2853}.Debug|Any CPU.ActiveCfg = Debug|Any CPU
		{22AB6E3D-77A2-412A-94FA-400D157E2853}.Debug|Any CPU.Build.0 = Debug|Any CPU
		{22AB6E3D-77A2-412A-94FA-400D157E2853}.Debug|x64.ActiveCfg = Debug|Any CPU
		{22AB6E3D-77A2-412A-94FA-400D157E2853}.Debug|x64.Build.0 = Debug|Any CPU
		{22AB6E3D-77A2-412A-94FA-400D157E2853}.Debug|x86.ActiveCfg = Debug|Any CPU
		{22AB6E3D-77A2-412A-94FA-400D157E2853}.Release public|Any CPU.ActiveCfg = Release|Any CPU
		{22AB6E3D-77A2-412A-94FA-400D157E2853}.Release public|Any CPU.Build.0 = Release|Any CPU
		{22AB6E3D-77A2-412A-94FA-400D157E2853}.Release public|x64.ActiveCfg = Release|Any CPU
		{22AB6E3D-77A2-412A-94FA-400D157E2853}.Release public|x86.ActiveCfg = Release|Any CPU
		{22AB6E3D-77A2-412A-94FA-400D157E2853}.Release|Any CPU.ActiveCfg = Release|Any CPU
		{22AB6E3D-77A2-412A-94FA-400D157E2853}.Release|Any CPU.Build.0 = Release|Any CPU
		{22AB6E3D-77A2-412A-94FA-400D157E2853}.Release|x64.ActiveCfg = Release|Any CPU
		{22AB6E3D-77A2-412A-94FA-400D157E2853}.Release|x64.Build.0 = Release|Any CPU
		{22AB6E3D-77A2-412A-94FA-400D157E2853}.Release|x86.ActiveCfg = Release|Any CPU
		{A9DE15AA-A81C-4517-95FF-32F2CD623A70}.Debug|Any CPU.ActiveCfg = Debug|Any CPU
		{A9DE15AA-A81C-4517-95FF-32F2CD623A70}.Debug|Any CPU.Build.0 = Debug|Any CPU
		{A9DE15AA-A81C-4517-95FF-32F2CD623A70}.Debug|x64.ActiveCfg = Debug|Any CPU
		{A9DE15AA-A81C-4517-95FF-32F2CD623A70}.Debug|x64.Build.0 = Debug|Any CPU
		{A9DE15AA-A81C-4517-95FF-32F2CD623A70}.Debug|x86.ActiveCfg = Debug|Any CPU
		{A9DE15AA-A81C-4517-95FF-32F2CD623A70}.Release public|Any CPU.ActiveCfg = Release|Any CPU
		{A9DE15AA-A81C-4517-95FF-32F2CD623A70}.Release public|Any CPU.Build.0 = Release|Any CPU
		{A9DE15AA-A81C-4517-95FF-32F2CD623A70}.Release public|x64.ActiveCfg = Release|Any CPU
		{A9DE15AA-A81C-4517-95FF-32F2CD623A70}.Release public|x86.ActiveCfg = Release|Any CPU
		{A9DE15AA-A81C-4517-95FF-32F2CD623A70}.Release|Any CPU.ActiveCfg = Release|Any CPU
		{A9DE15AA-A81C-4517-95FF-32F2CD623A70}.Release|Any CPU.Build.0 = Release|Any CPU
		{A9DE15AA-A81C-4517-95FF-32F2CD623A70}.Release|x64.ActiveCfg = Release|Any CPU
		{A9DE15AA-A81C-4517-95FF-32F2CD623A70}.Release|x64.Build.0 = Release|Any CPU
		{A9DE15AA-A81C-4517-95FF-32F2CD623A70}.Release|x86.ActiveCfg = Release|Any CPU
		{EEA0AA6C-3126-4C17-A639-DFFB08FC73AA}.Debug|Any CPU.ActiveCfg = Debug|Any CPU
		{EEA0AA6C-3126-4C17-A639-DFFB08FC73AA}.Debug|Any CPU.Build.0 = Debug|Any CPU
		{EEA0AA6C-3126-4C17-A639-DFFB08FC73AA}.Debug|x64.ActiveCfg = Debug|Any CPU
		{EEA0AA6C-3126-4C17-A639-DFFB08FC73AA}.Debug|x64.Build.0 = Debug|Any CPU
		{EEA0AA6C-3126-4C17-A639-DFFB08FC73AA}.Debug|x86.ActiveCfg = Debug|Any CPU
		{EEA0AA6C-3126-4C17-A639-DFFB08FC73AA}.Release public|Any CPU.ActiveCfg = Release|Any CPU
		{EEA0AA6C-3126-4C17-A639-DFFB08FC73AA}.Release public|Any CPU.Build.0 = Release|Any CPU
		{EEA0AA6C-3126-4C17-A639-DFFB08FC73AA}.Release public|x64.ActiveCfg = Release|Any CPU
		{EEA0AA6C-3126-4C17-A639-DFFB08FC73AA}.Release public|x86.ActiveCfg = Release|Any CPU
		{EEA0AA6C-3126-4C17-A639-DFFB08FC73AA}.Release|Any CPU.ActiveCfg = Release|Any CPU
		{EEA0AA6C-3126-4C17-A639-DFFB08FC73AA}.Release|Any CPU.Build.0 = Release|Any CPU
		{EEA0AA6C-3126-4C17-A639-DFFB08FC73AA}.Release|x64.ActiveCfg = Release|Any CPU
		{EEA0AA6C-3126-4C17-A639-DFFB08FC73AA}.Release|x64.Build.0 = Release|Any CPU
		{EEA0AA6C-3126-4C17-A639-DFFB08FC73AA}.Release|x86.ActiveCfg = Release|Any CPU
		{8325561B-EDD7-404B-BEF7-8B3D1E4DB850}.Debug|Any CPU.ActiveCfg = Debug|Any CPU
		{8325561B-EDD7-404B-BEF7-8B3D1E4DB850}.Debug|Any CPU.Build.0 = Debug|Any CPU
		{8325561B-EDD7-404B-BEF7-8B3D1E4DB850}.Debug|x64.ActiveCfg = Debug|Any CPU
		{8325561B-EDD7-404B-BEF7-8B3D1E4DB850}.Debug|x64.Build.0 = Debug|Any CPU
		{8325561B-EDD7-404B-BEF7-8B3D1E4DB850}.Debug|x86.ActiveCfg = Debug|Any CPU
		{8325561B-EDD7-404B-BEF7-8B3D1E4DB850}.Release public|Any CPU.ActiveCfg = Release|Any CPU
		{8325561B-EDD7-404B-BEF7-8B3D1E4DB850}.Release public|Any CPU.Build.0 = Release|Any CPU
		{8325561B-EDD7-404B-BEF7-8B3D1E4DB850}.Release public|x64.ActiveCfg = Release|Any CPU
		{8325561B-EDD7-404B-BEF7-8B3D1E4DB850}.Release public|x86.ActiveCfg = Release|Any CPU
		{8325561B-EDD7-404B-BEF7-8B3D1E4DB850}.Release|Any CPU.ActiveCfg = Release|Any CPU
		{8325561B-EDD7-404B-BEF7-8B3D1E4DB850}.Release|Any CPU.Build.0 = Release|Any CPU
		{8325561B-EDD7-404B-BEF7-8B3D1E4DB850}.Release|x64.ActiveCfg = Release|Any CPU
		{8325561B-EDD7-404B-BEF7-8B3D1E4DB850}.Release|x64.Build.0 = Release|Any CPU
		{8325561B-EDD7-404B-BEF7-8B3D1E4DB850}.Release|x86.ActiveCfg = Release|Any CPU
		{523E7BBF-AF23-46BA-8440-979B6078891F}.Debug|Any CPU.ActiveCfg = Debug|Any CPU
		{523E7BBF-AF23-46BA-8440-979B6078891F}.Debug|Any CPU.Build.0 = Debug|Any CPU
		{523E7BBF-AF23-46BA-8440-979B6078891F}.Debug|x64.ActiveCfg = Debug|Any CPU
		{523E7BBF-AF23-46BA-8440-979B6078891F}.Debug|x64.Build.0 = Debug|Any CPU
		{523E7BBF-AF23-46BA-8440-979B6078891F}.Debug|x86.ActiveCfg = Debug|Any CPU
		{523E7BBF-AF23-46BA-8440-979B6078891F}.Release public|Any CPU.ActiveCfg = Release|Any CPU
		{523E7BBF-AF23-46BA-8440-979B6078891F}.Release public|Any CPU.Build.0 = Release|Any CPU
		{523E7BBF-AF23-46BA-8440-979B6078891F}.Release public|x64.ActiveCfg = Release|Any CPU
		{523E7BBF-AF23-46BA-8440-979B6078891F}.Release public|x86.ActiveCfg = Release|Any CPU
		{523E7BBF-AF23-46BA-8440-979B6078891F}.Release|Any CPU.ActiveCfg = Release|Any CPU
		{523E7BBF-AF23-46BA-8440-979B6078891F}.Release|Any CPU.Build.0 = Release|Any CPU
		{523E7BBF-AF23-46BA-8440-979B6078891F}.Release|x64.ActiveCfg = Release|Any CPU
		{523E7BBF-AF23-46BA-8440-979B6078891F}.Release|x64.Build.0 = Release|Any CPU
		{523E7BBF-AF23-46BA-8440-979B6078891F}.Release|x86.ActiveCfg = Release|Any CPU
		{B768A951-BDB6-4FB6-A74B-8C15C866B7A6}.Debug|Any CPU.ActiveCfg = Debug|Any CPU
		{B768A951-BDB6-4FB6-A74B-8C15C866B7A6}.Debug|Any CPU.Build.0 = Debug|Any CPU
		{B768A951-BDB6-4FB6-A74B-8C15C866B7A6}.Debug|x64.ActiveCfg = Debug|Any CPU
		{B768A951-BDB6-4FB6-A74B-8C15C866B7A6}.Debug|x86.ActiveCfg = Debug|Any CPU
		{B768A951-BDB6-4FB6-A74B-8C15C866B7A6}.Release public|Any CPU.ActiveCfg = Release|Any CPU
		{B768A951-BDB6-4FB6-A74B-8C15C866B7A6}.Release public|Any CPU.Build.0 = Release|Any CPU
		{B768A951-BDB6-4FB6-A74B-8C15C866B7A6}.Release public|x64.ActiveCfg = Release|Any CPU
		{B768A951-BDB6-4FB6-A74B-8C15C866B7A6}.Release public|x86.ActiveCfg = Release|Any CPU
		{B768A951-BDB6-4FB6-A74B-8C15C866B7A6}.Release|Any CPU.ActiveCfg = Release|Any CPU
		{B768A951-BDB6-4FB6-A74B-8C15C866B7A6}.Release|Any CPU.Build.0 = Release|Any CPU
		{B768A951-BDB6-4FB6-A74B-8C15C866B7A6}.Release|x64.ActiveCfg = Release|Any CPU
		{B768A951-BDB6-4FB6-A74B-8C15C866B7A6}.Release|x86.ActiveCfg = Release|Any CPU
		{FEF60A22-CD5C-4006-90C7-904C10C9E296}.Debug|Any CPU.ActiveCfg = Debug|Any CPU
		{FEF60A22-CD5C-4006-90C7-904C10C9E296}.Debug|Any CPU.Build.0 = Debug|Any CPU
		{FEF60A22-CD5C-4006-90C7-904C10C9E296}.Debug|x64.ActiveCfg = Debug|Any CPU
		{FEF60A22-CD5C-4006-90C7-904C10C9E296}.Debug|x86.ActiveCfg = Debug|Any CPU
		{FEF60A22-CD5C-4006-90C7-904C10C9E296}.Release public|Any CPU.ActiveCfg = Release|Any CPU
		{FEF60A22-CD5C-4006-90C7-904C10C9E296}.Release public|Any CPU.Build.0 = Release|Any CPU
		{FEF60A22-CD5C-4006-90C7-904C10C9E296}.Release public|x64.ActiveCfg = Release|Any CPU
		{FEF60A22-CD5C-4006-90C7-904C10C9E296}.Release public|x86.ActiveCfg = Release|Any CPU
		{FEF60A22-CD5C-4006-90C7-904C10C9E296}.Release|Any CPU.ActiveCfg = Release|Any CPU
		{FEF60A22-CD5C-4006-90C7-904C10C9E296}.Release|Any CPU.Build.0 = Release|Any CPU
		{FEF60A22-CD5C-4006-90C7-904C10C9E296}.Release|x64.ActiveCfg = Release|Any CPU
		{FEF60A22-CD5C-4006-90C7-904C10C9E296}.Release|x86.ActiveCfg = Release|Any CPU
		{40A7F7F5-8271-4E00-B1A6-61B614E9B7D6}.Debug|Any CPU.ActiveCfg = Debug|Any CPU
		{40A7F7F5-8271-4E00-B1A6-61B614E9B7D6}.Debug|Any CPU.Build.0 = Debug|Any CPU
		{40A7F7F5-8271-4E00-B1A6-61B614E9B7D6}.Debug|x64.ActiveCfg = Debug|Any CPU
		{40A7F7F5-8271-4E00-B1A6-61B614E9B7D6}.Debug|x86.ActiveCfg = Debug|Any CPU
		{40A7F7F5-8271-4E00-B1A6-61B614E9B7D6}.Release public|Any CPU.ActiveCfg = Release|Any CPU
		{40A7F7F5-8271-4E00-B1A6-61B614E9B7D6}.Release public|Any CPU.Build.0 = Release|Any CPU
		{40A7F7F5-8271-4E00-B1A6-61B614E9B7D6}.Release public|x64.ActiveCfg = Release|Any CPU
		{40A7F7F5-8271-4E00-B1A6-61B614E9B7D6}.Release public|x86.ActiveCfg = Release|Any CPU
		{40A7F7F5-8271-4E00-B1A6-61B614E9B7D6}.Release|Any CPU.ActiveCfg = Release|Any CPU
		{40A7F7F5-8271-4E00-B1A6-61B614E9B7D6}.Release|Any CPU.Build.0 = Release|Any CPU
		{40A7F7F5-8271-4E00-B1A6-61B614E9B7D6}.Release|x64.ActiveCfg = Release|Any CPU
		{40A7F7F5-8271-4E00-B1A6-61B614E9B7D6}.Release|x86.ActiveCfg = Release|Any CPU
		{41A5C831-AEF2-4DC0-A7BB-395FDA2C05AC}.Debug|Any CPU.ActiveCfg = Debug|Any CPU
		{41A5C831-AEF2-4DC0-A7BB-395FDA2C05AC}.Debug|Any CPU.Build.0 = Debug|Any CPU
		{41A5C831-AEF2-4DC0-A7BB-395FDA2C05AC}.Debug|x64.ActiveCfg = Debug|Any CPU
		{41A5C831-AEF2-4DC0-A7BB-395FDA2C05AC}.Debug|x64.Build.0 = Debug|Any CPU
		{41A5C831-AEF2-4DC0-A7BB-395FDA2C05AC}.Debug|x86.ActiveCfg = Debug|Any CPU
		{41A5C831-AEF2-4DC0-A7BB-395FDA2C05AC}.Release public|Any CPU.ActiveCfg = Release|Any CPU
		{41A5C831-AEF2-4DC0-A7BB-395FDA2C05AC}.Release public|Any CPU.Build.0 = Release|Any CPU
		{41A5C831-AEF2-4DC0-A7BB-395FDA2C05AC}.Release public|x64.ActiveCfg = Release|Any CPU
		{41A5C831-AEF2-4DC0-A7BB-395FDA2C05AC}.Release public|x86.ActiveCfg = Release|Any CPU
		{41A5C831-AEF2-4DC0-A7BB-395FDA2C05AC}.Release|Any CPU.ActiveCfg = Release|Any CPU
		{41A5C831-AEF2-4DC0-A7BB-395FDA2C05AC}.Release|Any CPU.Build.0 = Release|Any CPU
		{41A5C831-AEF2-4DC0-A7BB-395FDA2C05AC}.Release|x64.ActiveCfg = Release|Any CPU
		{41A5C831-AEF2-4DC0-A7BB-395FDA2C05AC}.Release|x64.Build.0 = Release|Any CPU
		{41A5C831-AEF2-4DC0-A7BB-395FDA2C05AC}.Release|x86.ActiveCfg = Release|Any CPU
		{59336D65-9DE8-4156-B7E0-E1713A5F3F39}.Debug|Any CPU.ActiveCfg = Debug|Any CPU
		{59336D65-9DE8-4156-B7E0-E1713A5F3F39}.Debug|Any CPU.Build.0 = Debug|Any CPU
		{59336D65-9DE8-4156-B7E0-E1713A5F3F39}.Debug|x64.ActiveCfg = Debug|Any CPU
		{59336D65-9DE8-4156-B7E0-E1713A5F3F39}.Debug|x64.Build.0 = Debug|Any CPU
		{59336D65-9DE8-4156-B7E0-E1713A5F3F39}.Debug|x86.ActiveCfg = Debug|Any CPU
		{59336D65-9DE8-4156-B7E0-E1713A5F3F39}.Release public|Any CPU.ActiveCfg = Release|Any CPU
		{59336D65-9DE8-4156-B7E0-E1713A5F3F39}.Release public|Any CPU.Build.0 = Release|Any CPU
		{59336D65-9DE8-4156-B7E0-E1713A5F3F39}.Release public|x64.ActiveCfg = Release|Any CPU
		{59336D65-9DE8-4156-B7E0-E1713A5F3F39}.Release public|x86.ActiveCfg = Release|Any CPU
		{59336D65-9DE8-4156-B7E0-E1713A5F3F39}.Release|Any CPU.ActiveCfg = Release|Any CPU
		{59336D65-9DE8-4156-B7E0-E1713A5F3F39}.Release|Any CPU.Build.0 = Release|Any CPU
		{59336D65-9DE8-4156-B7E0-E1713A5F3F39}.Release|x64.ActiveCfg = Release|Any CPU
		{59336D65-9DE8-4156-B7E0-E1713A5F3F39}.Release|x64.Build.0 = Release|Any CPU
		{59336D65-9DE8-4156-B7E0-E1713A5F3F39}.Release|x86.ActiveCfg = Release|Any CPU
		{1632D550-A083-4A10-AA55-DF87A11302E9}.Debug|Any CPU.ActiveCfg = Debug|Any CPU
		{1632D550-A083-4A10-AA55-DF87A11302E9}.Debug|Any CPU.Build.0 = Debug|Any CPU
		{1632D550-A083-4A10-AA55-DF87A11302E9}.Debug|x64.ActiveCfg = Debug|Any CPU
		{1632D550-A083-4A10-AA55-DF87A11302E9}.Debug|x64.Build.0 = Debug|Any CPU
		{1632D550-A083-4A10-AA55-DF87A11302E9}.Debug|x86.ActiveCfg = Debug|Any CPU
		{1632D550-A083-4A10-AA55-DF87A11302E9}.Release public|Any CPU.ActiveCfg = Release|Any CPU
		{1632D550-A083-4A10-AA55-DF87A11302E9}.Release public|Any CPU.Build.0 = Release|Any CPU
		{1632D550-A083-4A10-AA55-DF87A11302E9}.Release public|x64.ActiveCfg = Release|Any CPU
		{1632D550-A083-4A10-AA55-DF87A11302E9}.Release public|x86.ActiveCfg = Release|Any CPU
		{1632D550-A083-4A10-AA55-DF87A11302E9}.Release|Any CPU.ActiveCfg = Release|Any CPU
		{1632D550-A083-4A10-AA55-DF87A11302E9}.Release|Any CPU.Build.0 = Release|Any CPU
		{1632D550-A083-4A10-AA55-DF87A11302E9}.Release|x64.ActiveCfg = Release|Any CPU
		{1632D550-A083-4A10-AA55-DF87A11302E9}.Release|x64.Build.0 = Release|Any CPU
		{1632D550-A083-4A10-AA55-DF87A11302E9}.Release|x86.ActiveCfg = Release|Any CPU
		{DB2436FB-A055-4F5E-90B4-6C88C2533102}.Debug|Any CPU.ActiveCfg = Debug|Any CPU
		{DB2436FB-A055-4F5E-90B4-6C88C2533102}.Debug|Any CPU.Build.0 = Debug|Any CPU
		{DB2436FB-A055-4F5E-90B4-6C88C2533102}.Debug|x64.ActiveCfg = Debug|Any CPU
		{DB2436FB-A055-4F5E-90B4-6C88C2533102}.Debug|x64.Build.0 = Debug|Any CPU
		{DB2436FB-A055-4F5E-90B4-6C88C2533102}.Debug|x86.ActiveCfg = Debug|Any CPU
		{DB2436FB-A055-4F5E-90B4-6C88C2533102}.Release public|Any CPU.ActiveCfg = Release|Any CPU
		{DB2436FB-A055-4F5E-90B4-6C88C2533102}.Release public|Any CPU.Build.0 = Release|Any CPU
		{DB2436FB-A055-4F5E-90B4-6C88C2533102}.Release public|x64.ActiveCfg = Release|Any CPU
		{DB2436FB-A055-4F5E-90B4-6C88C2533102}.Release public|x86.ActiveCfg = Release|Any CPU
		{DB2436FB-A055-4F5E-90B4-6C88C2533102}.Release|Any CPU.ActiveCfg = Release|Any CPU
		{DB2436FB-A055-4F5E-90B4-6C88C2533102}.Release|Any CPU.Build.0 = Release|Any CPU
		{DB2436FB-A055-4F5E-90B4-6C88C2533102}.Release|x64.ActiveCfg = Release|Any CPU
		{DB2436FB-A055-4F5E-90B4-6C88C2533102}.Release|x64.Build.0 = Release|Any CPU
		{DB2436FB-A055-4F5E-90B4-6C88C2533102}.Release|x86.ActiveCfg = Release|Any CPU
		{3DBE885D-E21F-43DD-88F3-65E479EBD882}.Debug|Any CPU.ActiveCfg = Debug|Any CPU
		{3DBE885D-E21F-43DD-88F3-65E479EBD882}.Debug|Any CPU.Build.0 = Debug|Any CPU
		{3DBE885D-E21F-43DD-88F3-65E479EBD882}.Debug|x64.ActiveCfg = Debug|Any CPU
		{3DBE885D-E21F-43DD-88F3-65E479EBD882}.Debug|x64.Build.0 = Debug|Any CPU
		{3DBE885D-E21F-43DD-88F3-65E479EBD882}.Debug|x86.ActiveCfg = Debug|Any CPU
		{3DBE885D-E21F-43DD-88F3-65E479EBD882}.Release public|Any CPU.ActiveCfg = Release|Any CPU
		{3DBE885D-E21F-43DD-88F3-65E479EBD882}.Release public|Any CPU.Build.0 = Release|Any CPU
		{3DBE885D-E21F-43DD-88F3-65E479EBD882}.Release public|x64.ActiveCfg = Release|Any CPU
		{3DBE885D-E21F-43DD-88F3-65E479EBD882}.Release public|x86.ActiveCfg = Release|Any CPU
		{3DBE885D-E21F-43DD-88F3-65E479EBD882}.Release|Any CPU.ActiveCfg = Release|Any CPU
		{3DBE885D-E21F-43DD-88F3-65E479EBD882}.Release|Any CPU.Build.0 = Release|Any CPU
		{3DBE885D-E21F-43DD-88F3-65E479EBD882}.Release|x64.ActiveCfg = Release|Any CPU
		{3DBE885D-E21F-43DD-88F3-65E479EBD882}.Release|x64.Build.0 = Release|Any CPU
		{3DBE885D-E21F-43DD-88F3-65E479EBD882}.Release|x86.ActiveCfg = Release|Any CPU
		{F43056E0-76DD-4735-A719-B9DC76279E2F}.Debug|Any CPU.ActiveCfg = Debug|Any CPU
		{F43056E0-76DD-4735-A719-B9DC76279E2F}.Debug|Any CPU.Build.0 = Debug|Any CPU
		{F43056E0-76DD-4735-A719-B9DC76279E2F}.Debug|x64.ActiveCfg = Debug|Any CPU
		{F43056E0-76DD-4735-A719-B9DC76279E2F}.Debug|x64.Build.0 = Debug|Any CPU
		{F43056E0-76DD-4735-A719-B9DC76279E2F}.Debug|x86.ActiveCfg = Debug|Any CPU
		{F43056E0-76DD-4735-A719-B9DC76279E2F}.Debug|x86.Build.0 = Debug|Any CPU
		{F43056E0-76DD-4735-A719-B9DC76279E2F}.Release public|Any CPU.ActiveCfg = Release|Any CPU
		{F43056E0-76DD-4735-A719-B9DC76279E2F}.Release public|Any CPU.Build.0 = Release|Any CPU
		{F43056E0-76DD-4735-A719-B9DC76279E2F}.Release public|x64.ActiveCfg = Release|Any CPU
		{F43056E0-76DD-4735-A719-B9DC76279E2F}.Release public|x64.Build.0 = Release|Any CPU
		{F43056E0-76DD-4735-A719-B9DC76279E2F}.Release public|x86.ActiveCfg = Release|Any CPU
		{F43056E0-76DD-4735-A719-B9DC76279E2F}.Release public|x86.Build.0 = Release|Any CPU
		{F43056E0-76DD-4735-A719-B9DC76279E2F}.Release|Any CPU.ActiveCfg = Release|Any CPU
		{F43056E0-76DD-4735-A719-B9DC76279E2F}.Release|Any CPU.Build.0 = Release|Any CPU
		{F43056E0-76DD-4735-A719-B9DC76279E2F}.Release|x64.ActiveCfg = Release|Any CPU
		{F43056E0-76DD-4735-A719-B9DC76279E2F}.Release|x64.Build.0 = Release|Any CPU
		{F43056E0-76DD-4735-A719-B9DC76279E2F}.Release|x86.ActiveCfg = Release|Any CPU
		{F43056E0-76DD-4735-A719-B9DC76279E2F}.Release|x86.Build.0 = Release|Any CPU
		{7BD71619-1C68-414D-9C44-2DDF03AD4601}.Debug|Any CPU.ActiveCfg = Debug|Any CPU
		{7BD71619-1C68-414D-9C44-2DDF03AD4601}.Debug|Any CPU.Build.0 = Debug|Any CPU
		{7BD71619-1C68-414D-9C44-2DDF03AD4601}.Debug|x64.ActiveCfg = Debug|Any CPU
		{7BD71619-1C68-414D-9C44-2DDF03AD4601}.Debug|x64.Build.0 = Debug|Any CPU
		{7BD71619-1C68-414D-9C44-2DDF03AD4601}.Debug|x86.ActiveCfg = Debug|Any CPU
		{7BD71619-1C68-414D-9C44-2DDF03AD4601}.Debug|x86.Build.0 = Debug|Any CPU
		{7BD71619-1C68-414D-9C44-2DDF03AD4601}.Release public|Any CPU.ActiveCfg = Release|Any CPU
		{7BD71619-1C68-414D-9C44-2DDF03AD4601}.Release public|Any CPU.Build.0 = Release|Any CPU
		{7BD71619-1C68-414D-9C44-2DDF03AD4601}.Release public|x64.ActiveCfg = Release|Any CPU
		{7BD71619-1C68-414D-9C44-2DDF03AD4601}.Release public|x64.Build.0 = Release|Any CPU
		{7BD71619-1C68-414D-9C44-2DDF03AD4601}.Release public|x86.ActiveCfg = Release|Any CPU
		{7BD71619-1C68-414D-9C44-2DDF03AD4601}.Release public|x86.Build.0 = Release|Any CPU
		{7BD71619-1C68-414D-9C44-2DDF03AD4601}.Release|Any CPU.ActiveCfg = Release|Any CPU
		{7BD71619-1C68-414D-9C44-2DDF03AD4601}.Release|Any CPU.Build.0 = Release|Any CPU
		{7BD71619-1C68-414D-9C44-2DDF03AD4601}.Release|x64.ActiveCfg = Release|Any CPU
		{7BD71619-1C68-414D-9C44-2DDF03AD4601}.Release|x64.Build.0 = Release|Any CPU
		{7BD71619-1C68-414D-9C44-2DDF03AD4601}.Release|x86.ActiveCfg = Release|Any CPU
		{7BD71619-1C68-414D-9C44-2DDF03AD4601}.Release|x86.Build.0 = Release|Any CPU
		{F7EF096D-B0F4-466C-B628-10E153D0D97D}.Debug|Any CPU.ActiveCfg = Debug|Any CPU
		{F7EF096D-B0F4-466C-B628-10E153D0D97D}.Debug|Any CPU.Build.0 = Debug|Any CPU
		{F7EF096D-B0F4-466C-B628-10E153D0D97D}.Debug|x64.ActiveCfg = Debug|Any CPU
		{F7EF096D-B0F4-466C-B628-10E153D0D97D}.Debug|x64.Build.0 = Debug|Any CPU
		{F7EF096D-B0F4-466C-B628-10E153D0D97D}.Debug|x86.ActiveCfg = Debug|Any CPU
		{F7EF096D-B0F4-466C-B628-10E153D0D97D}.Debug|x86.Build.0 = Debug|Any CPU
		{F7EF096D-B0F4-466C-B628-10E153D0D97D}.Release public|Any CPU.ActiveCfg = Release|Any CPU
		{F7EF096D-B0F4-466C-B628-10E153D0D97D}.Release public|Any CPU.Build.0 = Release|Any CPU
		{F7EF096D-B0F4-466C-B628-10E153D0D97D}.Release public|x64.ActiveCfg = Release|Any CPU
		{F7EF096D-B0F4-466C-B628-10E153D0D97D}.Release public|x64.Build.0 = Release|Any CPU
		{F7EF096D-B0F4-466C-B628-10E153D0D97D}.Release public|x86.ActiveCfg = Release|Any CPU
		{F7EF096D-B0F4-466C-B628-10E153D0D97D}.Release public|x86.Build.0 = Release|Any CPU
		{F7EF096D-B0F4-466C-B628-10E153D0D97D}.Release|Any CPU.ActiveCfg = Release|Any CPU
		{F7EF096D-B0F4-466C-B628-10E153D0D97D}.Release|Any CPU.Build.0 = Release|Any CPU
		{F7EF096D-B0F4-466C-B628-10E153D0D97D}.Release|x64.ActiveCfg = Release|Any CPU
		{F7EF096D-B0F4-466C-B628-10E153D0D97D}.Release|x64.Build.0 = Release|Any CPU
		{F7EF096D-B0F4-466C-B628-10E153D0D97D}.Release|x86.ActiveCfg = Release|Any CPU
		{F7EF096D-B0F4-466C-B628-10E153D0D97D}.Release|x86.Build.0 = Release|Any CPU
		{C508133A-836B-4DE0-8F58-6497D15170CA}.Debug|Any CPU.ActiveCfg = Debug|Any CPU
		{C508133A-836B-4DE0-8F58-6497D15170CA}.Debug|Any CPU.Build.0 = Debug|Any CPU
		{C508133A-836B-4DE0-8F58-6497D15170CA}.Debug|x64.ActiveCfg = Debug|Any CPU
		{C508133A-836B-4DE0-8F58-6497D15170CA}.Debug|x64.Build.0 = Debug|Any CPU
		{C508133A-836B-4DE0-8F58-6497D15170CA}.Debug|x86.ActiveCfg = Debug|Any CPU
		{C508133A-836B-4DE0-8F58-6497D15170CA}.Debug|x86.Build.0 = Debug|Any CPU
		{C508133A-836B-4DE0-8F58-6497D15170CA}.Release public|Any CPU.ActiveCfg = Release|Any CPU
		{C508133A-836B-4DE0-8F58-6497D15170CA}.Release public|Any CPU.Build.0 = Release|Any CPU
		{C508133A-836B-4DE0-8F58-6497D15170CA}.Release public|x64.ActiveCfg = Release|Any CPU
		{C508133A-836B-4DE0-8F58-6497D15170CA}.Release public|x64.Build.0 = Release|Any CPU
		{C508133A-836B-4DE0-8F58-6497D15170CA}.Release public|x86.ActiveCfg = Release|Any CPU
		{C508133A-836B-4DE0-8F58-6497D15170CA}.Release public|x86.Build.0 = Release|Any CPU
		{C508133A-836B-4DE0-8F58-6497D15170CA}.Release|Any CPU.ActiveCfg = Release|Any CPU
		{C508133A-836B-4DE0-8F58-6497D15170CA}.Release|Any CPU.Build.0 = Release|Any CPU
		{C508133A-836B-4DE0-8F58-6497D15170CA}.Release|x64.ActiveCfg = Release|Any CPU
		{C508133A-836B-4DE0-8F58-6497D15170CA}.Release|x64.Build.0 = Release|Any CPU
		{C508133A-836B-4DE0-8F58-6497D15170CA}.Release|x86.ActiveCfg = Release|Any CPU
		{C508133A-836B-4DE0-8F58-6497D15170CA}.Release|x86.Build.0 = Release|Any CPU
		{4254B9A3-B5F1-485B-9D2A-1E0965F5F38A}.Debug|Any CPU.ActiveCfg = Debug|Any CPU
		{4254B9A3-B5F1-485B-9D2A-1E0965F5F38A}.Debug|Any CPU.Build.0 = Debug|Any CPU
		{4254B9A3-B5F1-485B-9D2A-1E0965F5F38A}.Debug|x64.ActiveCfg = Debug|Any CPU
		{4254B9A3-B5F1-485B-9D2A-1E0965F5F38A}.Debug|x64.Build.0 = Debug|Any CPU
		{4254B9A3-B5F1-485B-9D2A-1E0965F5F38A}.Debug|x86.ActiveCfg = Debug|Any CPU
		{4254B9A3-B5F1-485B-9D2A-1E0965F5F38A}.Debug|x86.Build.0 = Debug|Any CPU
		{4254B9A3-B5F1-485B-9D2A-1E0965F5F38A}.Release public|Any CPU.ActiveCfg = Release|Any CPU
		{4254B9A3-B5F1-485B-9D2A-1E0965F5F38A}.Release public|Any CPU.Build.0 = Release|Any CPU
		{4254B9A3-B5F1-485B-9D2A-1E0965F5F38A}.Release public|x64.ActiveCfg = Release|Any CPU
		{4254B9A3-B5F1-485B-9D2A-1E0965F5F38A}.Release public|x64.Build.0 = Release|Any CPU
		{4254B9A3-B5F1-485B-9D2A-1E0965F5F38A}.Release public|x86.ActiveCfg = Release|Any CPU
		{4254B9A3-B5F1-485B-9D2A-1E0965F5F38A}.Release public|x86.Build.0 = Release|Any CPU
		{4254B9A3-B5F1-485B-9D2A-1E0965F5F38A}.Release|Any CPU.ActiveCfg = Release|Any CPU
		{4254B9A3-B5F1-485B-9D2A-1E0965F5F38A}.Release|Any CPU.Build.0 = Release|Any CPU
		{4254B9A3-B5F1-485B-9D2A-1E0965F5F38A}.Release|x64.ActiveCfg = Release|Any CPU
		{4254B9A3-B5F1-485B-9D2A-1E0965F5F38A}.Release|x64.Build.0 = Release|Any CPU
		{4254B9A3-B5F1-485B-9D2A-1E0965F5F38A}.Release|x86.ActiveCfg = Release|Any CPU
		{4254B9A3-B5F1-485B-9D2A-1E0965F5F38A}.Release|x86.Build.0 = Release|Any CPU
		{F97EFF5F-5903-4B0B-A22D-C2CD70B21F69}.Debug|Any CPU.ActiveCfg = Debug|Any CPU
		{F97EFF5F-5903-4B0B-A22D-C2CD70B21F69}.Debug|Any CPU.Build.0 = Debug|Any CPU
		{F97EFF5F-5903-4B0B-A22D-C2CD70B21F69}.Debug|x64.ActiveCfg = Debug|Any CPU
		{F97EFF5F-5903-4B0B-A22D-C2CD70B21F69}.Debug|x64.Build.0 = Debug|Any CPU
		{F97EFF5F-5903-4B0B-A22D-C2CD70B21F69}.Debug|x86.ActiveCfg = Debug|Any CPU
		{F97EFF5F-5903-4B0B-A22D-C2CD70B21F69}.Debug|x86.Build.0 = Debug|Any CPU
		{F97EFF5F-5903-4B0B-A22D-C2CD70B21F69}.Release public|Any CPU.ActiveCfg = Release|Any CPU
		{F97EFF5F-5903-4B0B-A22D-C2CD70B21F69}.Release public|Any CPU.Build.0 = Release|Any CPU
		{F97EFF5F-5903-4B0B-A22D-C2CD70B21F69}.Release public|x64.ActiveCfg = Release|Any CPU
		{F97EFF5F-5903-4B0B-A22D-C2CD70B21F69}.Release public|x64.Build.0 = Release|Any CPU
		{F97EFF5F-5903-4B0B-A22D-C2CD70B21F69}.Release public|x86.ActiveCfg = Release|Any CPU
		{F97EFF5F-5903-4B0B-A22D-C2CD70B21F69}.Release public|x86.Build.0 = Release|Any CPU
		{F97EFF5F-5903-4B0B-A22D-C2CD70B21F69}.Release|Any CPU.ActiveCfg = Release|Any CPU
		{F97EFF5F-5903-4B0B-A22D-C2CD70B21F69}.Release|Any CPU.Build.0 = Release|Any CPU
		{F97EFF5F-5903-4B0B-A22D-C2CD70B21F69}.Release|x64.ActiveCfg = Release|Any CPU
		{F97EFF5F-5903-4B0B-A22D-C2CD70B21F69}.Release|x64.Build.0 = Release|Any CPU
		{F97EFF5F-5903-4B0B-A22D-C2CD70B21F69}.Release|x86.ActiveCfg = Release|Any CPU
		{F97EFF5F-5903-4B0B-A22D-C2CD70B21F69}.Release|x86.Build.0 = Release|Any CPU
		{01AE885A-66BB-4285-AE4A-262D6D53A130}.Debug|Any CPU.ActiveCfg = Debug|Any CPU
		{01AE885A-66BB-4285-AE4A-262D6D53A130}.Debug|Any CPU.Build.0 = Debug|Any CPU
		{01AE885A-66BB-4285-AE4A-262D6D53A130}.Debug|x64.ActiveCfg = Debug|Any CPU
		{01AE885A-66BB-4285-AE4A-262D6D53A130}.Debug|x64.Build.0 = Debug|Any CPU
		{01AE885A-66BB-4285-AE4A-262D6D53A130}.Debug|x86.ActiveCfg = Debug|Any CPU
		{01AE885A-66BB-4285-AE4A-262D6D53A130}.Debug|x86.Build.0 = Debug|Any CPU
		{01AE885A-66BB-4285-AE4A-262D6D53A130}.Release public|Any CPU.ActiveCfg = Release|Any CPU
		{01AE885A-66BB-4285-AE4A-262D6D53A130}.Release public|Any CPU.Build.0 = Release|Any CPU
		{01AE885A-66BB-4285-AE4A-262D6D53A130}.Release public|x64.ActiveCfg = Release|Any CPU
		{01AE885A-66BB-4285-AE4A-262D6D53A130}.Release public|x64.Build.0 = Release|Any CPU
		{01AE885A-66BB-4285-AE4A-262D6D53A130}.Release public|x86.ActiveCfg = Release|Any CPU
		{01AE885A-66BB-4285-AE4A-262D6D53A130}.Release public|x86.Build.0 = Release|Any CPU
		{01AE885A-66BB-4285-AE4A-262D6D53A130}.Release|Any CPU.ActiveCfg = Release|Any CPU
		{01AE885A-66BB-4285-AE4A-262D6D53A130}.Release|Any CPU.Build.0 = Release|Any CPU
		{01AE885A-66BB-4285-AE4A-262D6D53A130}.Release|x64.ActiveCfg = Release|Any CPU
		{01AE885A-66BB-4285-AE4A-262D6D53A130}.Release|x64.Build.0 = Release|Any CPU
		{01AE885A-66BB-4285-AE4A-262D6D53A130}.Release|x86.ActiveCfg = Release|Any CPU
		{01AE885A-66BB-4285-AE4A-262D6D53A130}.Release|x86.Build.0 = Release|Any CPU
		{1FA40806-FEA9-43A3-83E5-A66D9F0206CF}.Debug|Any CPU.ActiveCfg = Debug|Any CPU
		{1FA40806-FEA9-43A3-83E5-A66D9F0206CF}.Debug|Any CPU.Build.0 = Debug|Any CPU
		{1FA40806-FEA9-43A3-83E5-A66D9F0206CF}.Debug|x64.ActiveCfg = Debug|Any CPU
		{1FA40806-FEA9-43A3-83E5-A66D9F0206CF}.Debug|x64.Build.0 = Debug|Any CPU
		{1FA40806-FEA9-43A3-83E5-A66D9F0206CF}.Debug|x86.ActiveCfg = Debug|Any CPU
		{1FA40806-FEA9-43A3-83E5-A66D9F0206CF}.Debug|x86.Build.0 = Debug|Any CPU
		{1FA40806-FEA9-43A3-83E5-A66D9F0206CF}.Release public|Any CPU.ActiveCfg = Release|Any CPU
		{1FA40806-FEA9-43A3-83E5-A66D9F0206CF}.Release public|Any CPU.Build.0 = Release|Any CPU
		{1FA40806-FEA9-43A3-83E5-A66D9F0206CF}.Release public|x64.ActiveCfg = Release|Any CPU
		{1FA40806-FEA9-43A3-83E5-A66D9F0206CF}.Release public|x64.Build.0 = Release|Any CPU
		{1FA40806-FEA9-43A3-83E5-A66D9F0206CF}.Release public|x86.ActiveCfg = Release|Any CPU
		{1FA40806-FEA9-43A3-83E5-A66D9F0206CF}.Release public|x86.Build.0 = Release|Any CPU
		{1FA40806-FEA9-43A3-83E5-A66D9F0206CF}.Release|Any CPU.ActiveCfg = Release|Any CPU
		{1FA40806-FEA9-43A3-83E5-A66D9F0206CF}.Release|Any CPU.Build.0 = Release|Any CPU
		{1FA40806-FEA9-43A3-83E5-A66D9F0206CF}.Release|x64.ActiveCfg = Release|Any CPU
		{1FA40806-FEA9-43A3-83E5-A66D9F0206CF}.Release|x64.Build.0 = Release|Any CPU
		{1FA40806-FEA9-43A3-83E5-A66D9F0206CF}.Release|x86.ActiveCfg = Release|Any CPU
		{1FA40806-FEA9-43A3-83E5-A66D9F0206CF}.Release|x86.Build.0 = Release|Any CPU
		{E60A0636-9E30-4B3D-9D69-4F9F4846F5F9}.Debug|Any CPU.ActiveCfg = Debug|Any CPU
		{E60A0636-9E30-4B3D-9D69-4F9F4846F5F9}.Debug|Any CPU.Build.0 = Debug|Any CPU
		{E60A0636-9E30-4B3D-9D69-4F9F4846F5F9}.Debug|x64.ActiveCfg = Debug|Any CPU
		{E60A0636-9E30-4B3D-9D69-4F9F4846F5F9}.Debug|x64.Build.0 = Debug|Any CPU
		{E60A0636-9E30-4B3D-9D69-4F9F4846F5F9}.Debug|x86.ActiveCfg = Debug|Any CPU
		{E60A0636-9E30-4B3D-9D69-4F9F4846F5F9}.Debug|x86.Build.0 = Debug|Any CPU
		{E60A0636-9E30-4B3D-9D69-4F9F4846F5F9}.Release public|Any CPU.ActiveCfg = Release|Any CPU
		{E60A0636-9E30-4B3D-9D69-4F9F4846F5F9}.Release public|Any CPU.Build.0 = Release|Any CPU
		{E60A0636-9E30-4B3D-9D69-4F9F4846F5F9}.Release public|x64.ActiveCfg = Release|Any CPU
		{E60A0636-9E30-4B3D-9D69-4F9F4846F5F9}.Release public|x64.Build.0 = Release|Any CPU
		{E60A0636-9E30-4B3D-9D69-4F9F4846F5F9}.Release public|x86.ActiveCfg = Release|Any CPU
		{E60A0636-9E30-4B3D-9D69-4F9F4846F5F9}.Release public|x86.Build.0 = Release|Any CPU
		{E60A0636-9E30-4B3D-9D69-4F9F4846F5F9}.Release|Any CPU.ActiveCfg = Release|Any CPU
		{E60A0636-9E30-4B3D-9D69-4F9F4846F5F9}.Release|Any CPU.Build.0 = Release|Any CPU
		{E60A0636-9E30-4B3D-9D69-4F9F4846F5F9}.Release|x64.ActiveCfg = Release|Any CPU
		{E60A0636-9E30-4B3D-9D69-4F9F4846F5F9}.Release|x64.Build.0 = Release|Any CPU
		{E60A0636-9E30-4B3D-9D69-4F9F4846F5F9}.Release|x86.ActiveCfg = Release|Any CPU
		{E60A0636-9E30-4B3D-9D69-4F9F4846F5F9}.Release|x86.Build.0 = Release|Any CPU
		{03025EE8-4BD9-4A03-8225-64EEA8A610FD}.Debug|Any CPU.ActiveCfg = Debug|Any CPU
		{03025EE8-4BD9-4A03-8225-64EEA8A610FD}.Debug|x64.ActiveCfg = Debug|Any CPU
		{03025EE8-4BD9-4A03-8225-64EEA8A610FD}.Debug|x86.ActiveCfg = Debug|Any CPU
		{03025EE8-4BD9-4A03-8225-64EEA8A610FD}.Release public|Any CPU.ActiveCfg = Release|Any CPU
		{03025EE8-4BD9-4A03-8225-64EEA8A610FD}.Release public|x64.ActiveCfg = Release|Any CPU
		{03025EE8-4BD9-4A03-8225-64EEA8A610FD}.Release public|x86.ActiveCfg = Release|Any CPU
		{03025EE8-4BD9-4A03-8225-64EEA8A610FD}.Release|Any CPU.ActiveCfg = Release|Any CPU
		{03025EE8-4BD9-4A03-8225-64EEA8A610FD}.Release|x64.ActiveCfg = Release|Any CPU
		{03025EE8-4BD9-4A03-8225-64EEA8A610FD}.Release|x86.ActiveCfg = Release|Any CPU
		{8FA26236-5626-460F-AA5A-41992553A2CE}.Debug|Any CPU.ActiveCfg = Debug|Any CPU
		{8FA26236-5626-460F-AA5A-41992553A2CE}.Debug|Any CPU.Build.0 = Debug|Any CPU
		{8FA26236-5626-460F-AA5A-41992553A2CE}.Debug|x64.ActiveCfg = Debug|Any CPU
		{8FA26236-5626-460F-AA5A-41992553A2CE}.Debug|x64.Build.0 = Debug|Any CPU
		{8FA26236-5626-460F-AA5A-41992553A2CE}.Debug|x86.ActiveCfg = Debug|Any CPU
		{8FA26236-5626-460F-AA5A-41992553A2CE}.Debug|x86.Build.0 = Debug|Any CPU
		{8FA26236-5626-460F-AA5A-41992553A2CE}.Release public|Any CPU.ActiveCfg = Release|Any CPU
		{8FA26236-5626-460F-AA5A-41992553A2CE}.Release public|Any CPU.Build.0 = Release|Any CPU
		{8FA26236-5626-460F-AA5A-41992553A2CE}.Release public|x64.ActiveCfg = Release|Any CPU
		{8FA26236-5626-460F-AA5A-41992553A2CE}.Release public|x64.Build.0 = Release|Any CPU
		{8FA26236-5626-460F-AA5A-41992553A2CE}.Release public|x86.ActiveCfg = Release|Any CPU
		{8FA26236-5626-460F-AA5A-41992553A2CE}.Release public|x86.Build.0 = Release|Any CPU
		{8FA26236-5626-460F-AA5A-41992553A2CE}.Release|Any CPU.ActiveCfg = Release|Any CPU
		{8FA26236-5626-460F-AA5A-41992553A2CE}.Release|Any CPU.Build.0 = Release|Any CPU
		{8FA26236-5626-460F-AA5A-41992553A2CE}.Release|x64.ActiveCfg = Release|Any CPU
		{8FA26236-5626-460F-AA5A-41992553A2CE}.Release|x64.Build.0 = Release|Any CPU
		{8FA26236-5626-460F-AA5A-41992553A2CE}.Release|x86.ActiveCfg = Release|Any CPU
		{8FA26236-5626-460F-AA5A-41992553A2CE}.Release|x86.Build.0 = Release|Any CPU
		{95D32986-5449-42CF-BA8B-DCD26635994B}.Debug|Any CPU.ActiveCfg = Debug|Any CPU
		{95D32986-5449-42CF-BA8B-DCD26635994B}.Debug|Any CPU.Build.0 = Debug|Any CPU
		{95D32986-5449-42CF-BA8B-DCD26635994B}.Debug|x64.ActiveCfg = Debug|Any CPU
		{95D32986-5449-42CF-BA8B-DCD26635994B}.Debug|x64.Build.0 = Debug|Any CPU
		{95D32986-5449-42CF-BA8B-DCD26635994B}.Debug|x86.ActiveCfg = Debug|Any CPU
		{95D32986-5449-42CF-BA8B-DCD26635994B}.Debug|x86.Build.0 = Debug|Any CPU
		{95D32986-5449-42CF-BA8B-DCD26635994B}.Release public|Any CPU.ActiveCfg = Release|Any CPU
		{95D32986-5449-42CF-BA8B-DCD26635994B}.Release public|Any CPU.Build.0 = Release|Any CPU
		{95D32986-5449-42CF-BA8B-DCD26635994B}.Release public|x64.ActiveCfg = Release|Any CPU
		{95D32986-5449-42CF-BA8B-DCD26635994B}.Release public|x64.Build.0 = Release|Any CPU
		{95D32986-5449-42CF-BA8B-DCD26635994B}.Release public|x86.ActiveCfg = Release|Any CPU
		{95D32986-5449-42CF-BA8B-DCD26635994B}.Release public|x86.Build.0 = Release|Any CPU
		{95D32986-5449-42CF-BA8B-DCD26635994B}.Release|Any CPU.ActiveCfg = Release|Any CPU
		{95D32986-5449-42CF-BA8B-DCD26635994B}.Release|Any CPU.Build.0 = Release|Any CPU
		{95D32986-5449-42CF-BA8B-DCD26635994B}.Release|x64.ActiveCfg = Release|Any CPU
		{95D32986-5449-42CF-BA8B-DCD26635994B}.Release|x64.Build.0 = Release|Any CPU
		{95D32986-5449-42CF-BA8B-DCD26635994B}.Release|x86.ActiveCfg = Release|Any CPU
		{95D32986-5449-42CF-BA8B-DCD26635994B}.Release|x86.Build.0 = Release|Any CPU
		{AC1D4039-3857-49B0-B662-B3CD96AC31BB}.Debug|Any CPU.ActiveCfg = Debug|x64
		{AC1D4039-3857-49B0-B662-B3CD96AC31BB}.Debug|x64.ActiveCfg = Debug|x64
		{AC1D4039-3857-49B0-B662-B3CD96AC31BB}.Debug|x64.Build.0 = Debug|x64
		{AC1D4039-3857-49B0-B662-B3CD96AC31BB}.Debug|x86.ActiveCfg = Debug|Win32
		{AC1D4039-3857-49B0-B662-B3CD96AC31BB}.Debug|x86.Build.0 = Debug|Win32
		{AC1D4039-3857-49B0-B662-B3CD96AC31BB}.Release public|Any CPU.ActiveCfg = Debug|Win32
		{AC1D4039-3857-49B0-B662-B3CD96AC31BB}.Release public|Any CPU.Build.0 = Debug|Win32
		{AC1D4039-3857-49B0-B662-B3CD96AC31BB}.Release public|x64.ActiveCfg = Release|x64
		{AC1D4039-3857-49B0-B662-B3CD96AC31BB}.Release public|x64.Build.0 = Release|x64
		{AC1D4039-3857-49B0-B662-B3CD96AC31BB}.Release public|x86.ActiveCfg = Release|Win32
		{AC1D4039-3857-49B0-B662-B3CD96AC31BB}.Release public|x86.Build.0 = Release|Win32
		{AC1D4039-3857-49B0-B662-B3CD96AC31BB}.Release|Any CPU.ActiveCfg = Release|Win32
		{AC1D4039-3857-49B0-B662-B3CD96AC31BB}.Release|x64.ActiveCfg = Release|x64
		{AC1D4039-3857-49B0-B662-B3CD96AC31BB}.Release|x64.Build.0 = Release|x64
		{AC1D4039-3857-49B0-B662-B3CD96AC31BB}.Release|x86.ActiveCfg = Release|Win32
		{AC1D4039-3857-49B0-B662-B3CD96AC31BB}.Release|x86.Build.0 = Release|Win32
		{5EE6AFC1-59F0-4F08-BC94-B7DD617C6E8A}.Debug|Any CPU.ActiveCfg = Debug|Any CPU
		{5EE6AFC1-59F0-4F08-BC94-B7DD617C6E8A}.Debug|Any CPU.Build.0 = Debug|Any CPU
		{5EE6AFC1-59F0-4F08-BC94-B7DD617C6E8A}.Debug|x64.ActiveCfg = Debug|Any CPU
		{5EE6AFC1-59F0-4F08-BC94-B7DD617C6E8A}.Debug|x64.Build.0 = Debug|Any CPU
		{5EE6AFC1-59F0-4F08-BC94-B7DD617C6E8A}.Debug|x86.ActiveCfg = Debug|Any CPU
		{5EE6AFC1-59F0-4F08-BC94-B7DD617C6E8A}.Debug|x86.Build.0 = Debug|Any CPU
		{5EE6AFC1-59F0-4F08-BC94-B7DD617C6E8A}.Release public|Any CPU.ActiveCfg = Release|Any CPU
		{5EE6AFC1-59F0-4F08-BC94-B7DD617C6E8A}.Release public|Any CPU.Build.0 = Release|Any CPU
		{5EE6AFC1-59F0-4F08-BC94-B7DD617C6E8A}.Release public|x64.ActiveCfg = Release|Any CPU
		{5EE6AFC1-59F0-4F08-BC94-B7DD617C6E8A}.Release public|x64.Build.0 = Release|Any CPU
		{5EE6AFC1-59F0-4F08-BC94-B7DD617C6E8A}.Release public|x86.ActiveCfg = Release|Any CPU
		{5EE6AFC1-59F0-4F08-BC94-B7DD617C6E8A}.Release public|x86.Build.0 = Release|Any CPU
		{5EE6AFC1-59F0-4F08-BC94-B7DD617C6E8A}.Release|Any CPU.ActiveCfg = Release|Any CPU
		{5EE6AFC1-59F0-4F08-BC94-B7DD617C6E8A}.Release|Any CPU.Build.0 = Release|Any CPU
		{5EE6AFC1-59F0-4F08-BC94-B7DD617C6E8A}.Release|x64.ActiveCfg = Release|Any CPU
		{5EE6AFC1-59F0-4F08-BC94-B7DD617C6E8A}.Release|x64.Build.0 = Release|Any CPU
		{5EE6AFC1-59F0-4F08-BC94-B7DD617C6E8A}.Release|x86.ActiveCfg = Release|Any CPU
		{5EE6AFC1-59F0-4F08-BC94-B7DD617C6E8A}.Release|x86.Build.0 = Release|Any CPU
		{8CC8FF95-7674-470C-A258-63B5E33DD951}.Debug|Any CPU.ActiveCfg = Debug|Any CPU
		{8CC8FF95-7674-470C-A258-63B5E33DD951}.Debug|Any CPU.Build.0 = Debug|Any CPU
		{8CC8FF95-7674-470C-A258-63B5E33DD951}.Debug|x64.ActiveCfg = Debug|Any CPU
		{8CC8FF95-7674-470C-A258-63B5E33DD951}.Debug|x64.Build.0 = Debug|Any CPU
		{8CC8FF95-7674-470C-A258-63B5E33DD951}.Debug|x86.ActiveCfg = Debug|Any CPU
		{8CC8FF95-7674-470C-A258-63B5E33DD951}.Debug|x86.Build.0 = Debug|Any CPU
		{8CC8FF95-7674-470C-A258-63B5E33DD951}.Release public|Any CPU.ActiveCfg = Release|Any CPU
		{8CC8FF95-7674-470C-A258-63B5E33DD951}.Release public|Any CPU.Build.0 = Release|Any CPU
		{8CC8FF95-7674-470C-A258-63B5E33DD951}.Release public|x64.ActiveCfg = Release|Any CPU
		{8CC8FF95-7674-470C-A258-63B5E33DD951}.Release public|x64.Build.0 = Release|Any CPU
		{8CC8FF95-7674-470C-A258-63B5E33DD951}.Release public|x86.ActiveCfg = Release|Any CPU
		{8CC8FF95-7674-470C-A258-63B5E33DD951}.Release public|x86.Build.0 = Release|Any CPU
		{8CC8FF95-7674-470C-A258-63B5E33DD951}.Release|Any CPU.ActiveCfg = Release|Any CPU
		{8CC8FF95-7674-470C-A258-63B5E33DD951}.Release|Any CPU.Build.0 = Release|Any CPU
		{8CC8FF95-7674-470C-A258-63B5E33DD951}.Release|x64.ActiveCfg = Release|Any CPU
		{8CC8FF95-7674-470C-A258-63B5E33DD951}.Release|x64.Build.0 = Release|Any CPU
		{8CC8FF95-7674-470C-A258-63B5E33DD951}.Release|x86.ActiveCfg = Release|Any CPU
		{8CC8FF95-7674-470C-A258-63B5E33DD951}.Release|x86.Build.0 = Release|Any CPU
		{62DABB8F-8874-4371-9847-437896E41735}.Debug|Any CPU.ActiveCfg = Debug|Any CPU
		{62DABB8F-8874-4371-9847-437896E41735}.Debug|Any CPU.Build.0 = Debug|Any CPU
		{62DABB8F-8874-4371-9847-437896E41735}.Debug|x64.ActiveCfg = Debug|Any CPU
		{62DABB8F-8874-4371-9847-437896E41735}.Debug|x64.Build.0 = Debug|Any CPU
		{62DABB8F-8874-4371-9847-437896E41735}.Debug|x86.ActiveCfg = Debug|Any CPU
		{62DABB8F-8874-4371-9847-437896E41735}.Debug|x86.Build.0 = Debug|Any CPU
		{62DABB8F-8874-4371-9847-437896E41735}.Release public|Any CPU.ActiveCfg = Release|Any CPU
		{62DABB8F-8874-4371-9847-437896E41735}.Release public|Any CPU.Build.0 = Release|Any CPU
		{62DABB8F-8874-4371-9847-437896E41735}.Release public|x64.ActiveCfg = Release|Any CPU
		{62DABB8F-8874-4371-9847-437896E41735}.Release public|x64.Build.0 = Release|Any CPU
		{62DABB8F-8874-4371-9847-437896E41735}.Release public|x86.ActiveCfg = Release|Any CPU
		{62DABB8F-8874-4371-9847-437896E41735}.Release public|x86.Build.0 = Release|Any CPU
		{62DABB8F-8874-4371-9847-437896E41735}.Release|Any CPU.ActiveCfg = Release|Any CPU
		{62DABB8F-8874-4371-9847-437896E41735}.Release|Any CPU.Build.0 = Release|Any CPU
		{62DABB8F-8874-4371-9847-437896E41735}.Release|x64.ActiveCfg = Release|Any CPU
		{62DABB8F-8874-4371-9847-437896E41735}.Release|x64.Build.0 = Release|Any CPU
		{62DABB8F-8874-4371-9847-437896E41735}.Release|x86.ActiveCfg = Release|Any CPU
		{62DABB8F-8874-4371-9847-437896E41735}.Release|x86.Build.0 = Release|Any CPU
		{38D2DF66-AFEA-4DDA-BAA8-D2ECD8008B8B}.Debug|Any CPU.ActiveCfg = Debug|Any CPU
		{38D2DF66-AFEA-4DDA-BAA8-D2ECD8008B8B}.Debug|Any CPU.Build.0 = Debug|Any CPU
		{38D2DF66-AFEA-4DDA-BAA8-D2ECD8008B8B}.Debug|x64.ActiveCfg = Debug|Any CPU
		{38D2DF66-AFEA-4DDA-BAA8-D2ECD8008B8B}.Debug|x64.Build.0 = Debug|Any CPU
		{38D2DF66-AFEA-4DDA-BAA8-D2ECD8008B8B}.Debug|x86.ActiveCfg = Debug|Any CPU
		{38D2DF66-AFEA-4DDA-BAA8-D2ECD8008B8B}.Debug|x86.Build.0 = Debug|Any CPU
		{38D2DF66-AFEA-4DDA-BAA8-D2ECD8008B8B}.Release public|Any CPU.ActiveCfg = Release|Any CPU
		{38D2DF66-AFEA-4DDA-BAA8-D2ECD8008B8B}.Release public|Any CPU.Build.0 = Release|Any CPU
		{38D2DF66-AFEA-4DDA-BAA8-D2ECD8008B8B}.Release public|x64.ActiveCfg = Release|Any CPU
		{38D2DF66-AFEA-4DDA-BAA8-D2ECD8008B8B}.Release public|x64.Build.0 = Release|Any CPU
		{38D2DF66-AFEA-4DDA-BAA8-D2ECD8008B8B}.Release public|x86.ActiveCfg = Release|Any CPU
		{38D2DF66-AFEA-4DDA-BAA8-D2ECD8008B8B}.Release public|x86.Build.0 = Release|Any CPU
		{38D2DF66-AFEA-4DDA-BAA8-D2ECD8008B8B}.Release|Any CPU.ActiveCfg = Release|Any CPU
		{38D2DF66-AFEA-4DDA-BAA8-D2ECD8008B8B}.Release|Any CPU.Build.0 = Release|Any CPU
		{38D2DF66-AFEA-4DDA-BAA8-D2ECD8008B8B}.Release|x64.ActiveCfg = Release|Any CPU
		{38D2DF66-AFEA-4DDA-BAA8-D2ECD8008B8B}.Release|x64.Build.0 = Release|Any CPU
		{38D2DF66-AFEA-4DDA-BAA8-D2ECD8008B8B}.Release|x86.ActiveCfg = Release|Any CPU
		{38D2DF66-AFEA-4DDA-BAA8-D2ECD8008B8B}.Release|x86.Build.0 = Release|Any CPU
		{EA3E93AC-FACB-4147-8995-DC94C9C04C0E}.Debug|Any CPU.ActiveCfg = Debug|Any CPU
		{EA3E93AC-FACB-4147-8995-DC94C9C04C0E}.Debug|Any CPU.Build.0 = Debug|Any CPU
		{EA3E93AC-FACB-4147-8995-DC94C9C04C0E}.Debug|x64.ActiveCfg = Debug|Any CPU
		{EA3E93AC-FACB-4147-8995-DC94C9C04C0E}.Debug|x64.Build.0 = Debug|Any CPU
		{EA3E93AC-FACB-4147-8995-DC94C9C04C0E}.Debug|x86.ActiveCfg = Debug|Any CPU
		{EA3E93AC-FACB-4147-8995-DC94C9C04C0E}.Debug|x86.Build.0 = Debug|Any CPU
		{EA3E93AC-FACB-4147-8995-DC94C9C04C0E}.Release public|Any CPU.ActiveCfg = Release|Any CPU
		{EA3E93AC-FACB-4147-8995-DC94C9C04C0E}.Release public|Any CPU.Build.0 = Release|Any CPU
		{EA3E93AC-FACB-4147-8995-DC94C9C04C0E}.Release public|x64.ActiveCfg = Release|Any CPU
		{EA3E93AC-FACB-4147-8995-DC94C9C04C0E}.Release public|x64.Build.0 = Release|Any CPU
		{EA3E93AC-FACB-4147-8995-DC94C9C04C0E}.Release public|x86.ActiveCfg = Release|Any CPU
		{EA3E93AC-FACB-4147-8995-DC94C9C04C0E}.Release public|x86.Build.0 = Release|Any CPU
		{EA3E93AC-FACB-4147-8995-DC94C9C04C0E}.Release|Any CPU.ActiveCfg = Release|Any CPU
		{EA3E93AC-FACB-4147-8995-DC94C9C04C0E}.Release|Any CPU.Build.0 = Release|Any CPU
		{EA3E93AC-FACB-4147-8995-DC94C9C04C0E}.Release|x64.ActiveCfg = Release|Any CPU
		{EA3E93AC-FACB-4147-8995-DC94C9C04C0E}.Release|x64.Build.0 = Release|Any CPU
		{EA3E93AC-FACB-4147-8995-DC94C9C04C0E}.Release|x86.ActiveCfg = Release|Any CPU
		{EA3E93AC-FACB-4147-8995-DC94C9C04C0E}.Release|x86.Build.0 = Release|Any CPU
		{76F11138-F6F0-4CC3-860C-567375636997}.Debug|Any CPU.ActiveCfg = Debug|Any CPU
		{76F11138-F6F0-4CC3-860C-567375636997}.Debug|Any CPU.Build.0 = Debug|Any CPU
		{76F11138-F6F0-4CC3-860C-567375636997}.Debug|x64.ActiveCfg = Debug|Any CPU
		{76F11138-F6F0-4CC3-860C-567375636997}.Debug|x64.Build.0 = Debug|Any CPU
		{76F11138-F6F0-4CC3-860C-567375636997}.Debug|x86.ActiveCfg = Debug|Any CPU
		{76F11138-F6F0-4CC3-860C-567375636997}.Debug|x86.Build.0 = Debug|Any CPU
		{76F11138-F6F0-4CC3-860C-567375636997}.Release public|Any CPU.ActiveCfg = Release|Any CPU
		{76F11138-F6F0-4CC3-860C-567375636997}.Release public|Any CPU.Build.0 = Release|Any CPU
		{76F11138-F6F0-4CC3-860C-567375636997}.Release public|x64.ActiveCfg = Release|Any CPU
		{76F11138-F6F0-4CC3-860C-567375636997}.Release public|x64.Build.0 = Release|Any CPU
		{76F11138-F6F0-4CC3-860C-567375636997}.Release public|x86.ActiveCfg = Release|Any CPU
		{76F11138-F6F0-4CC3-860C-567375636997}.Release public|x86.Build.0 = Release|Any CPU
		{76F11138-F6F0-4CC3-860C-567375636997}.Release|Any CPU.ActiveCfg = Release|Any CPU
		{76F11138-F6F0-4CC3-860C-567375636997}.Release|Any CPU.Build.0 = Release|Any CPU
		{76F11138-F6F0-4CC3-860C-567375636997}.Release|x64.ActiveCfg = Release|Any CPU
		{76F11138-F6F0-4CC3-860C-567375636997}.Release|x64.Build.0 = Release|Any CPU
		{76F11138-F6F0-4CC3-860C-567375636997}.Release|x86.ActiveCfg = Release|Any CPU
		{76F11138-F6F0-4CC3-860C-567375636997}.Release|x86.Build.0 = Release|Any CPU
		{D7A2BC55-C353-4C9B-8CC1-251EE081F653}.Debug|Any CPU.ActiveCfg = Debug|Any CPU
		{D7A2BC55-C353-4C9B-8CC1-251EE081F653}.Debug|Any CPU.Build.0 = Debug|Any CPU
		{D7A2BC55-C353-4C9B-8CC1-251EE081F653}.Debug|x64.ActiveCfg = Debug|Any CPU
		{D7A2BC55-C353-4C9B-8CC1-251EE081F653}.Debug|x64.Build.0 = Debug|Any CPU
		{D7A2BC55-C353-4C9B-8CC1-251EE081F653}.Debug|x86.ActiveCfg = Debug|Any CPU
		{D7A2BC55-C353-4C9B-8CC1-251EE081F653}.Debug|x86.Build.0 = Debug|Any CPU
		{D7A2BC55-C353-4C9B-8CC1-251EE081F653}.Release public|Any CPU.ActiveCfg = Release|Any CPU
		{D7A2BC55-C353-4C9B-8CC1-251EE081F653}.Release public|Any CPU.Build.0 = Release|Any CPU
		{D7A2BC55-C353-4C9B-8CC1-251EE081F653}.Release public|x64.ActiveCfg = Release|Any CPU
		{D7A2BC55-C353-4C9B-8CC1-251EE081F653}.Release public|x64.Build.0 = Release|Any CPU
		{D7A2BC55-C353-4C9B-8CC1-251EE081F653}.Release public|x86.ActiveCfg = Release|Any CPU
		{D7A2BC55-C353-4C9B-8CC1-251EE081F653}.Release public|x86.Build.0 = Release|Any CPU
		{D7A2BC55-C353-4C9B-8CC1-251EE081F653}.Release|Any CPU.ActiveCfg = Release|Any CPU
		{D7A2BC55-C353-4C9B-8CC1-251EE081F653}.Release|Any CPU.Build.0 = Release|Any CPU
		{D7A2BC55-C353-4C9B-8CC1-251EE081F653}.Release|x64.ActiveCfg = Release|Any CPU
		{D7A2BC55-C353-4C9B-8CC1-251EE081F653}.Release|x64.Build.0 = Release|Any CPU
		{D7A2BC55-C353-4C9B-8CC1-251EE081F653}.Release|x86.ActiveCfg = Release|Any CPU
		{D7A2BC55-C353-4C9B-8CC1-251EE081F653}.Release|x86.Build.0 = Release|Any CPU
		{5B70E417-20F9-4E62-8D01-8A2B515D8EE6}.Debug|Any CPU.ActiveCfg = Debug|Any CPU
		{5B70E417-20F9-4E62-8D01-8A2B515D8EE6}.Debug|Any CPU.Build.0 = Debug|Any CPU
		{5B70E417-20F9-4E62-8D01-8A2B515D8EE6}.Debug|x64.ActiveCfg = Debug|Any CPU
		{5B70E417-20F9-4E62-8D01-8A2B515D8EE6}.Debug|x64.Build.0 = Debug|Any CPU
		{5B70E417-20F9-4E62-8D01-8A2B515D8EE6}.Debug|x86.ActiveCfg = Debug|Any CPU
		{5B70E417-20F9-4E62-8D01-8A2B515D8EE6}.Debug|x86.Build.0 = Debug|Any CPU
		{5B70E417-20F9-4E62-8D01-8A2B515D8EE6}.Release public|Any CPU.ActiveCfg = Release|Any CPU
		{5B70E417-20F9-4E62-8D01-8A2B515D8EE6}.Release public|Any CPU.Build.0 = Release|Any CPU
		{5B70E417-20F9-4E62-8D01-8A2B515D8EE6}.Release public|x64.ActiveCfg = Release|Any CPU
		{5B70E417-20F9-4E62-8D01-8A2B515D8EE6}.Release public|x64.Build.0 = Release|Any CPU
		{5B70E417-20F9-4E62-8D01-8A2B515D8EE6}.Release public|x86.ActiveCfg = Release|Any CPU
		{5B70E417-20F9-4E62-8D01-8A2B515D8EE6}.Release public|x86.Build.0 = Release|Any CPU
		{5B70E417-20F9-4E62-8D01-8A2B515D8EE6}.Release|Any CPU.ActiveCfg = Release|Any CPU
		{5B70E417-20F9-4E62-8D01-8A2B515D8EE6}.Release|Any CPU.Build.0 = Release|Any CPU
		{5B70E417-20F9-4E62-8D01-8A2B515D8EE6}.Release|x64.ActiveCfg = Release|Any CPU
		{5B70E417-20F9-4E62-8D01-8A2B515D8EE6}.Release|x64.Build.0 = Release|Any CPU
		{5B70E417-20F9-4E62-8D01-8A2B515D8EE6}.Release|x86.ActiveCfg = Release|Any CPU
		{5B70E417-20F9-4E62-8D01-8A2B515D8EE6}.Release|x86.Build.0 = Release|Any CPU
		{52B7028B-6F06-4370-A5FE-2B9A381E6D76}.Debug|Any CPU.ActiveCfg = Debug|Any CPU
		{52B7028B-6F06-4370-A5FE-2B9A381E6D76}.Debug|Any CPU.Build.0 = Debug|Any CPU
		{52B7028B-6F06-4370-A5FE-2B9A381E6D76}.Debug|x64.ActiveCfg = Debug|Any CPU
		{52B7028B-6F06-4370-A5FE-2B9A381E6D76}.Debug|x64.Build.0 = Debug|Any CPU
		{52B7028B-6F06-4370-A5FE-2B9A381E6D76}.Debug|x86.ActiveCfg = Debug|Any CPU
		{52B7028B-6F06-4370-A5FE-2B9A381E6D76}.Debug|x86.Build.0 = Debug|Any CPU
		{52B7028B-6F06-4370-A5FE-2B9A381E6D76}.Release public|Any CPU.ActiveCfg = Release|Any CPU
		{52B7028B-6F06-4370-A5FE-2B9A381E6D76}.Release public|Any CPU.Build.0 = Release|Any CPU
		{52B7028B-6F06-4370-A5FE-2B9A381E6D76}.Release public|x64.ActiveCfg = Release|Any CPU
		{52B7028B-6F06-4370-A5FE-2B9A381E6D76}.Release public|x64.Build.0 = Release|Any CPU
		{52B7028B-6F06-4370-A5FE-2B9A381E6D76}.Release public|x86.ActiveCfg = Release|Any CPU
		{52B7028B-6F06-4370-A5FE-2B9A381E6D76}.Release public|x86.Build.0 = Release|Any CPU
		{52B7028B-6F06-4370-A5FE-2B9A381E6D76}.Release|Any CPU.ActiveCfg = Release|Any CPU
		{52B7028B-6F06-4370-A5FE-2B9A381E6D76}.Release|Any CPU.Build.0 = Release|Any CPU
		{52B7028B-6F06-4370-A5FE-2B9A381E6D76}.Release|x64.ActiveCfg = Release|Any CPU
		{52B7028B-6F06-4370-A5FE-2B9A381E6D76}.Release|x64.Build.0 = Release|Any CPU
		{52B7028B-6F06-4370-A5FE-2B9A381E6D76}.Release|x86.ActiveCfg = Release|Any CPU
		{52B7028B-6F06-4370-A5FE-2B9A381E6D76}.Release|x86.Build.0 = Release|Any CPU
	EndGlobalSection
	GlobalSection(SolutionProperties) = preSolution
		HideSolutionNode = FALSE
	EndGlobalSection
	GlobalSection(ExtensibilityGlobals) = postSolution
		SolutionGuid = {2341821A-C3CB-4BF3-92A7-257B4331F376}
	EndGlobalSection
	GlobalSection(Performance) = preSolution
		HasPerformanceSessions = true
	EndGlobalSection
EndGlobal
